// !$*UTF8*$!
{
	archiveVersion = 1;
	classes = {
	};
	objectVersion = 50;
	objects = {

/* Begin PBXBuildFile section */
		B50787D626AF73D60077ACCB /* FaceLandmarksProcessor.swift in Sources */ = {isa = PBXBuildFile; fileRef = B50787D526AF73D60077ACCB /* FaceLandmarksProcessor.swift */; };
		B5380D0B26A1FAD4003328D8 /* DepthDataProcessor.swift in Sources */ = {isa = PBXBuildFile; fileRef = B5380D0A26A1FAD4003328D8 /* DepthDataProcessor.swift */; };
		B5380D0D26A20383003328D8 /* FaceLandmarksFileWriter.swift in Sources */ = {isa = PBXBuildFile; fileRef = B5380D0C26A20383003328D8 /* FaceLandmarksFileWriter.swift */; };
		B53CD4B026B3585B003BBFD9 /* lensDistortionPointForPoint.m in Sources */ = {isa = PBXBuildFile; fileRef = B53CD4AF26B3585B003BBFD9 /* lensDistortionPointForPoint.m */; };
		B53CD4B326B38EF3003BBFD9 /* DataOutputProcessor.swift in Sources */ = {isa = PBXBuildFile; fileRef = B53CD4B226B38EF3003BBFD9 /* DataOutputProcessor.swift */; };
		B53CD4B526B39F6E003BBFD9 /* Enumerations.swift in Sources */ = {isa = PBXBuildFile; fileRef = B53CD4B426B39F6E003BBFD9 /* Enumerations.swift */; };
		B53CD4B726B3A8E9003BBFD9 /* CaptureSessionManager.swift in Sources */ = {isa = PBXBuildFile; fileRef = B53CD4B626B3A8E9003BBFD9 /* CaptureSessionManager.swift */; };
		B56F2EA726AB654B00998C27 /* PointCloud.metal in Sources */ = {isa = PBXBuildFile; fileRef = B56F2EA626AB654B00998C27 /* PointCloud.metal */; };
		B5796582269DED5F0070C294 /* AppDelegate.swift in Sources */ = {isa = PBXBuildFile; fileRef = B5796581269DED5F0070C294 /* AppDelegate.swift */; };
		B5796584269DED5F0070C294 /* SceneDelegate.swift in Sources */ = {isa = PBXBuildFile; fileRef = B5796583269DED5F0070C294 /* SceneDelegate.swift */; };
		B5796586269DED5F0070C294 /* CameraViewController.swift in Sources */ = {isa = PBXBuildFile; fileRef = B5796585269DED5F0070C294 /* CameraViewController.swift */; };
		B5796589269DED5F0070C294 /* Main.storyboard in Resources */ = {isa = PBXBuildFile; fileRef = B5796587269DED5F0070C294 /* Main.storyboard */; };
		B579658B269DED600070C294 /* Assets.xcassets in Resources */ = {isa = PBXBuildFile; fileRef = B579658A269DED600070C294 /* Assets.xcassets */; };
		B579658E269DED600070C294 /* LaunchScreen.storyboard in Resources */ = {isa = PBXBuildFile; fileRef = B579658C269DED600070C294 /* LaunchScreen.storyboard */; };
		B5796599269DED600070C294 /* MEADepthCameraTests.swift in Sources */ = {isa = PBXBuildFile; fileRef = B5796598269DED600070C294 /* MEADepthCameraTests.swift */; };
		B57965A4269DED600070C294 /* MEADepthCameraUITests.swift in Sources */ = {isa = PBXBuildFile; fileRef = B57965A3269DED600070C294 /* MEADepthCameraUITests.swift */; };
		B57965B626A096B10070C294 /* VideoFileWriter.swift in Sources */ = {isa = PBXBuildFile; fileRef = B57965B526A096B10070C294 /* VideoFileWriter.swift */; };
		B587706026B4ADAC00E26C7D /* Functions.swift in Sources */ = {isa = PBXBuildFile; fileRef = B587705F26B4ADAC00E26C7D /* Functions.swift */; };
		B587706226B4AEAC00E26C7D /* CommonTypes.swift in Sources */ = {isa = PBXBuildFile; fileRef = B587706126B4AEAC00E26C7D /* CommonTypes.swift */; };
		B5886DF826AA16C900EB344C /* DepthToGrayscale.metal in Sources */ = {isa = PBXBuildFile; fileRef = B5886DF726AA16C900EB344C /* DepthToGrayscale.metal */; };
		B5886DFA26AA3A4F00EB344C /* FaceObservationOverlayView.swift in Sources */ = {isa = PBXBuildFile; fileRef = B5886DF926AA3A4F00EB344C /* FaceObservationOverlayView.swift */; };
		B5886DFD26AA61E100EB344C /* VisionTrackerProcessor.swift in Sources */ = {isa = PBXBuildFile; fileRef = B5886DFC26AA61E100EB344C /* VisionTrackerProcessor.swift */; };
		B5886E0126AA7F8500EB344C /* Extensions.swift in Sources */ = {isa = PBXBuildFile; fileRef = B5886E0026AA7F8500EB344C /* Extensions.swift */; };
		B5886E0326AB249A00EB344C /* FileConfigurations.swift in Sources */ = {isa = PBXBuildFile; fileRef = B5886E0226AB249A00EB344C /* FileConfigurations.swift */; };
		B5886E0526AB2CEE00EB344C /* FileWriter.swift in Sources */ = {isa = PBXBuildFile; fileRef = B5886E0426AB2CEE00EB344C /* FileWriter.swift */; };
		B5A7CE1F26A8D68B008C4900 /* AudioFileWriter.swift in Sources */ = {isa = PBXBuildFile; fileRef = B5A7CE1E26A8D68B008C4900 /* AudioFileWriter.swift */; };
		B5ABE85826A9CAA7003D2AFD /* DepthMapFileWriter.swift in Sources */ = {isa = PBXBuildFile; fileRef = B5ABE85726A9CAA7003D2AFD /* DepthMapFileWriter.swift */; };
		B5ABE85C26AA04B8003D2AFD /* FilterRenderer.swift in Sources */ = {isa = PBXBuildFile; fileRef = B5ABE85B26AA04B8003D2AFD /* FilterRenderer.swift */; };
		B5ABE86126AA076F003D2AFD /* LICENSE.txt in Resources */ = {isa = PBXBuildFile; fileRef = B5ABE86026AA076F003D2AFD /* LICENSE.txt */; };
		B5ABE86426AA08E0003D2AFD /* DepthToGrayscaleConverter.swift in Sources */ = {isa = PBXBuildFile; fileRef = B5ABE86326AA08E0003D2AFD /* DepthToGrayscaleConverter.swift */; };
		B5ABE86726AA09D0003D2AFD /* minMaxFromBuffer.m in Sources */ = {isa = PBXBuildFile; fileRef = B5ABE86626AA09D0003D2AFD /* minMaxFromBuffer.m */; };
		B5D4E3FA26B2183C00CB1241 /* PassThrough.metal in Sources */ = {isa = PBXBuildFile; fileRef = B5D4E3F926B2183C00CB1241 /* PassThrough.metal */; };
		B5D4E3FC26B2192000CB1241 /* PreviewMetalView.swift in Sources */ = {isa = PBXBuildFile; fileRef = B5D4E3FB26B2192000CB1241 /* PreviewMetalView.swift */; };
		B5E65DA026B0D6100052FFE4 /* PointCloudProcessor.swift in Sources */ = {isa = PBXBuildFile; fileRef = B5E65D9F26B0D6100052FFE4 /* PointCloudProcessor.swift */; };
/* End PBXBuildFile section */

/* Begin PBXContainerItemProxy section */
		B5796595269DED600070C294 /* PBXContainerItemProxy */ = {
			isa = PBXContainerItemProxy;
			containerPortal = B5796576269DED5F0070C294 /* Project object */;
			proxyType = 1;
			remoteGlobalIDString = B579657D269DED5F0070C294;
			remoteInfo = MEADepthCamera;
		};
		B57965A0269DED600070C294 /* PBXContainerItemProxy */ = {
			isa = PBXContainerItemProxy;
			containerPortal = B5796576269DED5F0070C294 /* Project object */;
			proxyType = 1;
			remoteGlobalIDString = B579657D269DED5F0070C294;
			remoteInfo = MEADepthCamera;
		};
/* End PBXContainerItemProxy section */

/* Begin PBXFileReference section */
		B50787D526AF73D60077ACCB /* FaceLandmarksProcessor.swift */ = {isa = PBXFileReference; lastKnownFileType = sourcecode.swift; path = FaceLandmarksProcessor.swift; sourceTree = "<group>"; };
		B518049126ACBB0F0036F104 /* ShaderTypes.h */ = {isa = PBXFileReference; lastKnownFileType = sourcecode.c.h; path = ShaderTypes.h; sourceTree = "<group>"; };
		B5380D0A26A1FAD4003328D8 /* DepthDataProcessor.swift */ = {isa = PBXFileReference; lastKnownFileType = sourcecode.swift; path = DepthDataProcessor.swift; sourceTree = "<group>"; };
		B5380D0C26A20383003328D8 /* FaceLandmarksFileWriter.swift */ = {isa = PBXFileReference; lastKnownFileType = sourcecode.swift; path = FaceLandmarksFileWriter.swift; sourceTree = "<group>"; };
		B53CD4AF26B3585B003BBFD9 /* lensDistortionPointForPoint.m */ = {isa = PBXFileReference; lastKnownFileType = sourcecode.c.objc; path = lensDistortionPointForPoint.m; sourceTree = "<group>"; };
		B53CD4B126B35869003BBFD9 /* lensDistortionPointForPoint.h */ = {isa = PBXFileReference; lastKnownFileType = sourcecode.c.h; path = lensDistortionPointForPoint.h; sourceTree = "<group>"; };
		B53CD4B226B38EF3003BBFD9 /* DataOutputProcessor.swift */ = {isa = PBXFileReference; lastKnownFileType = sourcecode.swift; path = DataOutputProcessor.swift; sourceTree = "<group>"; };
		B53CD4B426B39F6E003BBFD9 /* Enumerations.swift */ = {isa = PBXFileReference; lastKnownFileType = sourcecode.swift; path = Enumerations.swift; sourceTree = "<group>"; };
		B53CD4B626B3A8E9003BBFD9 /* CaptureSessionManager.swift */ = {isa = PBXFileReference; lastKnownFileType = sourcecode.swift; path = CaptureSessionManager.swift; sourceTree = "<group>"; };
		B56F2EA626AB654B00998C27 /* PointCloud.metal */ = {isa = PBXFileReference; lastKnownFileType = sourcecode.metal; path = PointCloud.metal; sourceTree = "<group>"; };
		B579657E269DED5F0070C294 /* MEADepthCamera.app */ = {isa = PBXFileReference; explicitFileType = wrapper.application; includeInIndex = 0; path = MEADepthCamera.app; sourceTree = BUILT_PRODUCTS_DIR; };
		B5796581269DED5F0070C294 /* AppDelegate.swift */ = {isa = PBXFileReference; lastKnownFileType = sourcecode.swift; path = AppDelegate.swift; sourceTree = "<group>"; };
		B5796583269DED5F0070C294 /* SceneDelegate.swift */ = {isa = PBXFileReference; lastKnownFileType = sourcecode.swift; path = SceneDelegate.swift; sourceTree = "<group>"; };
		B5796585269DED5F0070C294 /* CameraViewController.swift */ = {isa = PBXFileReference; lastKnownFileType = sourcecode.swift; path = CameraViewController.swift; sourceTree = "<group>"; };
		B5796588269DED5F0070C294 /* Base */ = {isa = PBXFileReference; lastKnownFileType = file.storyboard; name = Base; path = Base.lproj/Main.storyboard; sourceTree = "<group>"; };
		B579658A269DED600070C294 /* Assets.xcassets */ = {isa = PBXFileReference; lastKnownFileType = folder.assetcatalog; path = Assets.xcassets; sourceTree = "<group>"; };
		B579658D269DED600070C294 /* Base */ = {isa = PBXFileReference; lastKnownFileType = file.storyboard; name = Base; path = Base.lproj/LaunchScreen.storyboard; sourceTree = "<group>"; };
		B579658F269DED600070C294 /* Info.plist */ = {isa = PBXFileReference; lastKnownFileType = text.plist.xml; path = Info.plist; sourceTree = "<group>"; };
		B5796594269DED600070C294 /* MEADepthCameraTests.xctest */ = {isa = PBXFileReference; explicitFileType = wrapper.cfbundle; includeInIndex = 0; path = MEADepthCameraTests.xctest; sourceTree = BUILT_PRODUCTS_DIR; };
		B5796598269DED600070C294 /* MEADepthCameraTests.swift */ = {isa = PBXFileReference; lastKnownFileType = sourcecode.swift; path = MEADepthCameraTests.swift; sourceTree = "<group>"; };
		B579659A269DED600070C294 /* Info.plist */ = {isa = PBXFileReference; lastKnownFileType = text.plist.xml; path = Info.plist; sourceTree = "<group>"; };
		B579659F269DED600070C294 /* MEADepthCameraUITests.xctest */ = {isa = PBXFileReference; explicitFileType = wrapper.cfbundle; includeInIndex = 0; path = MEADepthCameraUITests.xctest; sourceTree = BUILT_PRODUCTS_DIR; };
		B57965A3269DED600070C294 /* MEADepthCameraUITests.swift */ = {isa = PBXFileReference; lastKnownFileType = sourcecode.swift; path = MEADepthCameraUITests.swift; sourceTree = "<group>"; };
		B57965A5269DED600070C294 /* Info.plist */ = {isa = PBXFileReference; lastKnownFileType = text.plist.xml; path = Info.plist; sourceTree = "<group>"; };
		B57965B526A096B10070C294 /* VideoFileWriter.swift */ = {isa = PBXFileReference; lastKnownFileType = sourcecode.swift; path = VideoFileWriter.swift; sourceTree = "<group>"; };
		B587705F26B4ADAC00E26C7D /* Functions.swift */ = {isa = PBXFileReference; lastKnownFileType = sourcecode.swift; path = Functions.swift; sourceTree = "<group>"; };
		B587706126B4AEAC00E26C7D /* CommonTypes.swift */ = {isa = PBXFileReference; lastKnownFileType = sourcecode.swift; path = CommonTypes.swift; sourceTree = "<group>"; };
		B5886DF726AA16C900EB344C /* DepthToGrayscale.metal */ = {isa = PBXFileReference; lastKnownFileType = sourcecode.metal; path = DepthToGrayscale.metal; sourceTree = "<group>"; };
		B5886DF926AA3A4F00EB344C /* FaceObservationOverlayView.swift */ = {isa = PBXFileReference; lastKnownFileType = sourcecode.swift; path = FaceObservationOverlayView.swift; sourceTree = "<group>"; };
		B5886DFC26AA61E100EB344C /* VisionTrackerProcessor.swift */ = {isa = PBXFileReference; lastKnownFileType = sourcecode.swift; path = VisionTrackerProcessor.swift; sourceTree = "<group>"; };
		B5886E0026AA7F8500EB344C /* Extensions.swift */ = {isa = PBXFileReference; lastKnownFileType = sourcecode.swift; path = Extensions.swift; sourceTree = "<group>"; };
		B5886E0226AB249A00EB344C /* FileConfigurations.swift */ = {isa = PBXFileReference; lastKnownFileType = sourcecode.swift; path = FileConfigurations.swift; sourceTree = "<group>"; };
		B5886E0426AB2CEE00EB344C /* FileWriter.swift */ = {isa = PBXFileReference; lastKnownFileType = sourcecode.swift; path = FileWriter.swift; sourceTree = "<group>"; };
		B5A7CE1E26A8D68B008C4900 /* AudioFileWriter.swift */ = {isa = PBXFileReference; lastKnownFileType = sourcecode.swift; path = AudioFileWriter.swift; sourceTree = "<group>"; };
		B5ABE85726A9CAA7003D2AFD /* DepthMapFileWriter.swift */ = {isa = PBXFileReference; lastKnownFileType = sourcecode.swift; path = DepthMapFileWriter.swift; sourceTree = "<group>"; };
		B5ABE85B26AA04B8003D2AFD /* FilterRenderer.swift */ = {isa = PBXFileReference; lastKnownFileType = sourcecode.swift; path = FilterRenderer.swift; sourceTree = "<group>"; };
		B5ABE86026AA076F003D2AFD /* LICENSE.txt */ = {isa = PBXFileReference; fileEncoding = 4; lastKnownFileType = text; path = LICENSE.txt; sourceTree = "<group>"; };
		B5ABE86326AA08E0003D2AFD /* DepthToGrayscaleConverter.swift */ = {isa = PBXFileReference; lastKnownFileType = sourcecode.swift; path = DepthToGrayscaleConverter.swift; sourceTree = "<group>"; };
		B5ABE86526AA09D0003D2AFD /* MEADepthCamera-Bridging-Header.h */ = {isa = PBXFileReference; lastKnownFileType = sourcecode.c.h; path = "MEADepthCamera-Bridging-Header.h"; sourceTree = "<group>"; };
		B5ABE86626AA09D0003D2AFD /* minMaxFromBuffer.m */ = {isa = PBXFileReference; lastKnownFileType = sourcecode.c.objc; path = minMaxFromBuffer.m; sourceTree = "<group>"; };
		B5ABE86826AA09FA003D2AFD /* minMaxFromBuffer.h */ = {isa = PBXFileReference; lastKnownFileType = sourcecode.c.h; path = minMaxFromBuffer.h; sourceTree = "<group>"; };
		B5D4E3F926B2183C00CB1241 /* PassThrough.metal */ = {isa = PBXFileReference; lastKnownFileType = sourcecode.metal; path = PassThrough.metal; sourceTree = "<group>"; };
		B5D4E3FB26B2192000CB1241 /* PreviewMetalView.swift */ = {isa = PBXFileReference; lastKnownFileType = sourcecode.swift; path = PreviewMetalView.swift; sourceTree = "<group>"; };
		B5E65D9F26B0D6100052FFE4 /* PointCloudProcessor.swift */ = {isa = PBXFileReference; lastKnownFileType = sourcecode.swift; path = PointCloudProcessor.swift; sourceTree = "<group>"; };
/* End PBXFileReference section */

/* Begin PBXFrameworksBuildPhase section */
		B579657B269DED5F0070C294 /* Frameworks */ = {
			isa = PBXFrameworksBuildPhase;
			buildActionMask = 2147483647;
			files = (
			);
			runOnlyForDeploymentPostprocessing = 0;
		};
		B5796591269DED600070C294 /* Frameworks */ = {
			isa = PBXFrameworksBuildPhase;
			buildActionMask = 2147483647;
			files = (
			);
			runOnlyForDeploymentPostprocessing = 0;
		};
		B579659C269DED600070C294 /* Frameworks */ = {
			isa = PBXFrameworksBuildPhase;
			buildActionMask = 2147483647;
			files = (
			);
			runOnlyForDeploymentPostprocessing = 0;
		};
/* End PBXFrameworksBuildPhase section */

/* Begin PBXGroup section */
		B50787D726AF74330077ACCB /* Face Landmarks Tracking */ = {
			isa = PBXGroup;
			children = (
				B5886DFC26AA61E100EB344C /* VisionTrackerProcessor.swift */,
				B50787D526AF73D60077ACCB /* FaceLandmarksProcessor.swift */,
				B5380D0C26A20383003328D8 /* FaceLandmarksFileWriter.swift */,
			);
			path = "Face Landmarks Tracking";
			sourceTree = "<group>";
		};
		B56F2EAA26AB7EC300998C27 /* Point Cloud */ = {
			isa = PBXGroup;
			children = (
				B5E65D9F26B0D6100052FFE4 /* PointCloudProcessor.swift */,
				B53CD4AF26B3585B003BBFD9 /* lensDistortionPointForPoint.m */,
				B53CD4B126B35869003BBFD9 /* lensDistortionPointForPoint.h */,
			);
			path = "Point Cloud";
			sourceTree = "<group>";
		};
		B5796575269DED5F0070C294 = {
			isa = PBXGroup;
			children = (
				B5796580269DED5F0070C294 /* MEADepthCamera */,
				B5796597269DED600070C294 /* MEADepthCameraTests */,
				B57965A2269DED600070C294 /* MEADepthCameraUITests */,
				B579657F269DED5F0070C294 /* Products */,
				B5ABE86226AA0778003D2AFD /* LICENSE */,
			);
			sourceTree = "<group>";
		};
		B579657F269DED5F0070C294 /* Products */ = {
			isa = PBXGroup;
			children = (
				B579657E269DED5F0070C294 /* MEADepthCamera.app */,
				B5796594269DED600070C294 /* MEADepthCameraTests.xctest */,
				B579659F269DED600070C294 /* MEADepthCameraUITests.xctest */,
			);
			name = Products;
			sourceTree = "<group>";
		};
		B5796580269DED5F0070C294 /* MEADepthCamera */ = {
			isa = PBXGroup;
			children = (
				B5796581269DED5F0070C294 /* AppDelegate.swift */,
				B5796583269DED5F0070C294 /* SceneDelegate.swift */,
				B5796585269DED5F0070C294 /* CameraViewController.swift */,
				B53CD4B626B3A8E9003BBFD9 /* CaptureSessionManager.swift */,
				B53CD4B226B38EF3003BBFD9 /* DataOutputProcessor.swift */,
				B5886DFB26AA5FB900EB344C /* Views */,
				B50787D726AF74330077ACCB /* Face Landmarks Tracking */,
				B5ABE85A26AA0442003D2AFD /* Depth Map Rendering */,
				B5ABE85926A9CC9B003D2AFD /* AV File Writers */,
				B5380D0A26A1FAD4003328D8 /* DepthDataProcessor.swift */,
				B56F2EAA26AB7EC300998C27 /* Point Cloud */,
				B587705E26B4AD8900E26C7D /* Utilities */,
				B5886DF626AA168B00EB344C /* Shaders */,
				B5796587269DED5F0070C294 /* Main.storyboard */,
				B579658A269DED600070C294 /* Assets.xcassets */,
				B579658C269DED600070C294 /* LaunchScreen.storyboard */,
				B579658F269DED600070C294 /* Info.plist */,
				B5ABE86526AA09D0003D2AFD /* MEADepthCamera-Bridging-Header.h */,
			);
			path = MEADepthCamera;
			sourceTree = "<group>";
		};
		B5796597269DED600070C294 /* MEADepthCameraTests */ = {
			isa = PBXGroup;
			children = (
				B5796598269DED600070C294 /* MEADepthCameraTests.swift */,
				B579659A269DED600070C294 /* Info.plist */,
			);
			path = MEADepthCameraTests;
			sourceTree = "<group>";
		};
		B57965A2269DED600070C294 /* MEADepthCameraUITests */ = {
			isa = PBXGroup;
			children = (
				B57965A3269DED600070C294 /* MEADepthCameraUITests.swift */,
				B57965A5269DED600070C294 /* Info.plist */,
			);
			path = MEADepthCameraUITests;
			sourceTree = "<group>";
		};
		B587705E26B4AD8900E26C7D /* Utilities */ = {
			isa = PBXGroup;
			children = (
				B587706126B4AEAC00E26C7D /* CommonTypes.swift */,
				B53CD4B426B39F6E003BBFD9 /* Enumerations.swift */,
				B5886E0026AA7F8500EB344C /* Extensions.swift */,
				B587705F26B4ADAC00E26C7D /* Functions.swift */,
			);
			path = Utilities;
			sourceTree = "<group>";
		};
		B5886DF626AA168B00EB344C /* Shaders */ = {
			isa = PBXGroup;
			children = (
				B518049126ACBB0F0036F104 /* ShaderTypes.h */,
				B5886DF726AA16C900EB344C /* DepthToGrayscale.metal */,
				B56F2EA626AB654B00998C27 /* PointCloud.metal */,
				B5D4E3F926B2183C00CB1241 /* PassThrough.metal */,
			);
			path = Shaders;
			sourceTree = "<group>";
		};
		B5886DFB26AA5FB900EB344C /* Views */ = {
			isa = PBXGroup;
			children = (
				B5886DF926AA3A4F00EB344C /* FaceObservationOverlayView.swift */,
				B5D4E3FB26B2192000CB1241 /* PreviewMetalView.swift */,
			);
			path = Views;
			sourceTree = "<group>";
		};
		B5ABE85926A9CC9B003D2AFD /* AV File Writers */ = {
			isa = PBXGroup;
			children = (
				B5886E0426AB2CEE00EB344C /* FileWriter.swift */,
				B57965B526A096B10070C294 /* VideoFileWriter.swift */,
				B5A7CE1E26A8D68B008C4900 /* AudioFileWriter.swift */,
				B5ABE85726A9CAA7003D2AFD /* DepthMapFileWriter.swift */,
				B5886E0226AB249A00EB344C /* FileConfigurations.swift */,
			);
			path = "AV File Writers";
			sourceTree = "<group>";
		};
		B5ABE85A26AA0442003D2AFD /* Depth Map Rendering */ = {
			isa = PBXGroup;
			children = (
				B5ABE85B26AA04B8003D2AFD /* FilterRenderer.swift */,
				B5ABE86326AA08E0003D2AFD /* DepthToGrayscaleConverter.swift */,
				B5ABE86626AA09D0003D2AFD /* minMaxFromBuffer.m */,
				B5ABE86826AA09FA003D2AFD /* minMaxFromBuffer.h */,
			);
			path = "Depth Map Rendering";
			sourceTree = "<group>";
		};
		B5ABE86226AA0778003D2AFD /* LICENSE */ = {
			isa = PBXGroup;
			children = (
				B5ABE86026AA076F003D2AFD /* LICENSE.txt */,
			);
			path = LICENSE;
			sourceTree = "<group>";
		};
/* End PBXGroup section */

/* Begin PBXNativeTarget section */
		B579657D269DED5F0070C294 /* MEADepthCamera */ = {
			isa = PBXNativeTarget;
			buildConfigurationList = B57965A8269DED600070C294 /* Build configuration list for PBXNativeTarget "MEADepthCamera" */;
			buildPhases = (
				B579657A269DED5F0070C294 /* Sources */,
				B579657B269DED5F0070C294 /* Frameworks */,
				B579657C269DED5F0070C294 /* Resources */,
			);
			buildRules = (
			);
			dependencies = (
			);
			name = MEADepthCamera;
			productName = MEADepthCamera;
			productReference = B579657E269DED5F0070C294 /* MEADepthCamera.app */;
			productType = "com.apple.product-type.application";
		};
		B5796593269DED600070C294 /* MEADepthCameraTests */ = {
			isa = PBXNativeTarget;
			buildConfigurationList = B57965AB269DED600070C294 /* Build configuration list for PBXNativeTarget "MEADepthCameraTests" */;
			buildPhases = (
				B5796590269DED600070C294 /* Sources */,
				B5796591269DED600070C294 /* Frameworks */,
				B5796592269DED600070C294 /* Resources */,
			);
			buildRules = (
			);
			dependencies = (
				B5796596269DED600070C294 /* PBXTargetDependency */,
			);
			name = MEADepthCameraTests;
			productName = MEADepthCameraTests;
			productReference = B5796594269DED600070C294 /* MEADepthCameraTests.xctest */;
			productType = "com.apple.product-type.bundle.unit-test";
		};
		B579659E269DED600070C294 /* MEADepthCameraUITests */ = {
			isa = PBXNativeTarget;
			buildConfigurationList = B57965AE269DED600070C294 /* Build configuration list for PBXNativeTarget "MEADepthCameraUITests" */;
			buildPhases = (
				B579659B269DED600070C294 /* Sources */,
				B579659C269DED600070C294 /* Frameworks */,
				B579659D269DED600070C294 /* Resources */,
			);
			buildRules = (
			);
			dependencies = (
				B57965A1269DED600070C294 /* PBXTargetDependency */,
			);
			name = MEADepthCameraUITests;
			productName = MEADepthCameraUITests;
			productReference = B579659F269DED600070C294 /* MEADepthCameraUITests.xctest */;
			productType = "com.apple.product-type.bundle.ui-testing";
		};
/* End PBXNativeTarget section */

/* Begin PBXProject section */
		B5796576269DED5F0070C294 /* Project object */ = {
			isa = PBXProject;
			attributes = {
				LastSwiftUpdateCheck = 1250;
				LastUpgradeCheck = 1250;
				TargetAttributes = {
					B579657D269DED5F0070C294 = {
						CreatedOnToolsVersion = 12.5.1;
						LastSwiftMigration = 1250;
					};
					B5796593269DED600070C294 = {
						CreatedOnToolsVersion = 12.5.1;
						TestTargetID = B579657D269DED5F0070C294;
					};
					B579659E269DED600070C294 = {
						CreatedOnToolsVersion = 12.5.1;
						TestTargetID = B579657D269DED5F0070C294;
					};
				};
			};
			buildConfigurationList = B5796579269DED5F0070C294 /* Build configuration list for PBXProject "MEADepthCamera" */;
			compatibilityVersion = "Xcode 9.3";
			developmentRegion = en;
			hasScannedForEncodings = 0;
			knownRegions = (
				en,
				Base,
			);
			mainGroup = B5796575269DED5F0070C294;
			productRefGroup = B579657F269DED5F0070C294 /* Products */;
			projectDirPath = "";
			projectRoot = "";
			targets = (
				B579657D269DED5F0070C294 /* MEADepthCamera */,
				B5796593269DED600070C294 /* MEADepthCameraTests */,
				B579659E269DED600070C294 /* MEADepthCameraUITests */,
			);
		};
/* End PBXProject section */

/* Begin PBXResourcesBuildPhase section */
		B579657C269DED5F0070C294 /* Resources */ = {
			isa = PBXResourcesBuildPhase;
			buildActionMask = 2147483647;
			files = (
				B5ABE86126AA076F003D2AFD /* LICENSE.txt in Resources */,
				B579658E269DED600070C294 /* LaunchScreen.storyboard in Resources */,
				B579658B269DED600070C294 /* Assets.xcassets in Resources */,
				B5796589269DED5F0070C294 /* Main.storyboard in Resources */,
			);
			runOnlyForDeploymentPostprocessing = 0;
		};
		B5796592269DED600070C294 /* Resources */ = {
			isa = PBXResourcesBuildPhase;
			buildActionMask = 2147483647;
			files = (
			);
			runOnlyForDeploymentPostprocessing = 0;
		};
		B579659D269DED600070C294 /* Resources */ = {
			isa = PBXResourcesBuildPhase;
			buildActionMask = 2147483647;
			files = (
			);
			runOnlyForDeploymentPostprocessing = 0;
		};
/* End PBXResourcesBuildPhase section */

/* Begin PBXSourcesBuildPhase section */
		B579657A269DED5F0070C294 /* Sources */ = {
			isa = PBXSourcesBuildPhase;
			buildActionMask = 2147483647;
			files = (
				B5E65DA026B0D6100052FFE4 /* PointCloudProcessor.swift in Sources */,
				B5380D0D26A20383003328D8 /* FaceLandmarksFileWriter.swift in Sources */,
				B50787D626AF73D60077ACCB /* FaceLandmarksProcessor.swift in Sources */,
				B5796586269DED5F0070C294 /* CameraViewController.swift in Sources */,
				B56F2EA726AB654B00998C27 /* PointCloud.metal in Sources */,
				B5D4E3FA26B2183C00CB1241 /* PassThrough.metal in Sources */,
				B53CD4B026B3585B003BBFD9 /* lensDistortionPointForPoint.m in Sources */,
				B5D4E3FC26B2192000CB1241 /* PreviewMetalView.swift in Sources */,
				B5380D0B26A1FAD4003328D8 /* DepthDataProcessor.swift in Sources */,
				B5796582269DED5F0070C294 /* AppDelegate.swift in Sources */,
				B5796584269DED5F0070C294 /* SceneDelegate.swift in Sources */,
				B587706026B4ADAC00E26C7D /* Functions.swift in Sources */,
				B5886E0526AB2CEE00EB344C /* FileWriter.swift in Sources */,
				B5886DF826AA16C900EB344C /* DepthToGrayscale.metal in Sources */,
				B53CD4B526B39F6E003BBFD9 /* Enumerations.swift in Sources */,
				B57965B626A096B10070C294 /* VideoFileWriter.swift in Sources */,
				B5ABE85826A9CAA7003D2AFD /* DepthMapFileWriter.swift in Sources */,
				B5ABE85C26AA04B8003D2AFD /* FilterRenderer.swift in Sources */,
				B53CD4B726B3A8E9003BBFD9 /* CaptureSessionManager.swift in Sources */,
				B5ABE86726AA09D0003D2AFD /* minMaxFromBuffer.m in Sources */,
				B53CD4B326B38EF3003BBFD9 /* DataOutputProcessor.swift in Sources */,
				B5886E0126AA7F8500EB344C /* Extensions.swift in Sources */,
				B587706226B4AEAC00E26C7D /* CommonTypes.swift in Sources */,
				B5886E0326AB249A00EB344C /* FileConfigurations.swift in Sources */,
				B5ABE86426AA08E0003D2AFD /* DepthToGrayscaleConverter.swift in Sources */,
				B5886DFA26AA3A4F00EB344C /* FaceObservationOverlayView.swift in Sources */,
				B5886DFD26AA61E100EB344C /* VisionTrackerProcessor.swift in Sources */,
				B5A7CE1F26A8D68B008C4900 /* AudioFileWriter.swift in Sources */,
			);
			runOnlyForDeploymentPostprocessing = 0;
		};
		B5796590269DED600070C294 /* Sources */ = {
			isa = PBXSourcesBuildPhase;
			buildActionMask = 2147483647;
			files = (
				B5796599269DED600070C294 /* MEADepthCameraTests.swift in Sources */,
			);
			runOnlyForDeploymentPostprocessing = 0;
		};
		B579659B269DED600070C294 /* Sources */ = {
			isa = PBXSourcesBuildPhase;
			buildActionMask = 2147483647;
			files = (
				B57965A4269DED600070C294 /* MEADepthCameraUITests.swift in Sources */,
			);
			runOnlyForDeploymentPostprocessing = 0;
		};
/* End PBXSourcesBuildPhase section */

/* Begin PBXTargetDependency section */
		B5796596269DED600070C294 /* PBXTargetDependency */ = {
			isa = PBXTargetDependency;
			target = B579657D269DED5F0070C294 /* MEADepthCamera */;
			targetProxy = B5796595269DED600070C294 /* PBXContainerItemProxy */;
		};
		B57965A1269DED600070C294 /* PBXTargetDependency */ = {
			isa = PBXTargetDependency;
			target = B579657D269DED5F0070C294 /* MEADepthCamera */;
			targetProxy = B57965A0269DED600070C294 /* PBXContainerItemProxy */;
		};
/* End PBXTargetDependency section */

/* Begin PBXVariantGroup section */
		B5796587269DED5F0070C294 /* Main.storyboard */ = {
			isa = PBXVariantGroup;
			children = (
				B5796588269DED5F0070C294 /* Base */,
			);
			name = Main.storyboard;
			sourceTree = "<group>";
		};
		B579658C269DED600070C294 /* LaunchScreen.storyboard */ = {
			isa = PBXVariantGroup;
			children = (
				B579658D269DED600070C294 /* Base */,
			);
			name = LaunchScreen.storyboard;
			sourceTree = "<group>";
		};
/* End PBXVariantGroup section */

/* Begin XCBuildConfiguration section */
		B57965A6269DED600070C294 /* Debug */ = {
			isa = XCBuildConfiguration;
			buildSettings = {
				ALWAYS_SEARCH_USER_PATHS = NO;
				CLANG_ANALYZER_NONNULL = YES;
				CLANG_ANALYZER_NUMBER_OBJECT_CONVERSION = YES_AGGRESSIVE;
				CLANG_CXX_LANGUAGE_STANDARD = "gnu++14";
				CLANG_CXX_LIBRARY = "libc++";
				CLANG_ENABLE_MODULES = YES;
				CLANG_ENABLE_OBJC_ARC = YES;
				CLANG_ENABLE_OBJC_WEAK = YES;
				CLANG_WARN_BLOCK_CAPTURE_AUTORELEASING = YES;
				CLANG_WARN_BOOL_CONVERSION = YES;
				CLANG_WARN_COMMA = YES;
				CLANG_WARN_CONSTANT_CONVERSION = YES;
				CLANG_WARN_DEPRECATED_OBJC_IMPLEMENTATIONS = YES;
				CLANG_WARN_DIRECT_OBJC_ISA_USAGE = YES_ERROR;
				CLANG_WARN_DOCUMENTATION_COMMENTS = YES;
				CLANG_WARN_EMPTY_BODY = YES;
				CLANG_WARN_ENUM_CONVERSION = YES;
				CLANG_WARN_INFINITE_RECURSION = YES;
				CLANG_WARN_INT_CONVERSION = YES;
				CLANG_WARN_NON_LITERAL_NULL_CONVERSION = YES;
				CLANG_WARN_OBJC_IMPLICIT_RETAIN_SELF = YES;
				CLANG_WARN_OBJC_LITERAL_CONVERSION = YES;
				CLANG_WARN_OBJC_ROOT_CLASS = YES_ERROR;
				CLANG_WARN_QUOTED_INCLUDE_IN_FRAMEWORK_HEADER = YES;
				CLANG_WARN_RANGE_LOOP_ANALYSIS = YES;
				CLANG_WARN_STRICT_PROTOTYPES = YES;
				CLANG_WARN_SUSPICIOUS_MOVE = YES;
				CLANG_WARN_UNGUARDED_AVAILABILITY = YES_AGGRESSIVE;
				CLANG_WARN_UNREACHABLE_CODE = YES;
				CLANG_WARN__DUPLICATE_METHOD_MATCH = YES;
				COPY_PHASE_STRIP = NO;
				DEBUG_INFORMATION_FORMAT = dwarf;
				ENABLE_STRICT_OBJC_MSGSEND = YES;
				ENABLE_TESTABILITY = YES;
				GCC_C_LANGUAGE_STANDARD = gnu11;
				GCC_DYNAMIC_NO_PIC = NO;
				GCC_NO_COMMON_BLOCKS = YES;
				GCC_OPTIMIZATION_LEVEL = 0;
				GCC_PREPROCESSOR_DEFINITIONS = (
					"DEBUG=1",
					"$(inherited)",
				);
				GCC_WARN_64_TO_32_BIT_CONVERSION = YES;
				GCC_WARN_ABOUT_RETURN_TYPE = YES_ERROR;
				GCC_WARN_UNDECLARED_SELECTOR = YES;
				GCC_WARN_UNINITIALIZED_AUTOS = YES_AGGRESSIVE;
				GCC_WARN_UNUSED_FUNCTION = YES;
				GCC_WARN_UNUSED_VARIABLE = YES;
				IPHONEOS_DEPLOYMENT_TARGET = 14.5;
				MTL_ENABLE_DEBUG_INFO = INCLUDE_SOURCE;
				MTL_FAST_MATH = YES;
				ONLY_ACTIVE_ARCH = YES;
				SDKROOT = iphoneos;
				SWIFT_ACTIVE_COMPILATION_CONDITIONS = DEBUG;
				SWIFT_OPTIMIZATION_LEVEL = "-Onone";
			};
			name = Debug;
		};
		B57965A7269DED600070C294 /* Release */ = {
			isa = XCBuildConfiguration;
			buildSettings = {
				ALWAYS_SEARCH_USER_PATHS = NO;
				CLANG_ANALYZER_NONNULL = YES;
				CLANG_ANALYZER_NUMBER_OBJECT_CONVERSION = YES_AGGRESSIVE;
				CLANG_CXX_LANGUAGE_STANDARD = "gnu++14";
				CLANG_CXX_LIBRARY = "libc++";
				CLANG_ENABLE_MODULES = YES;
				CLANG_ENABLE_OBJC_ARC = YES;
				CLANG_ENABLE_OBJC_WEAK = YES;
				CLANG_WARN_BLOCK_CAPTURE_AUTORELEASING = YES;
				CLANG_WARN_BOOL_CONVERSION = YES;
				CLANG_WARN_COMMA = YES;
				CLANG_WARN_CONSTANT_CONVERSION = YES;
				CLANG_WARN_DEPRECATED_OBJC_IMPLEMENTATIONS = YES;
				CLANG_WARN_DIRECT_OBJC_ISA_USAGE = YES_ERROR;
				CLANG_WARN_DOCUMENTATION_COMMENTS = YES;
				CLANG_WARN_EMPTY_BODY = YES;
				CLANG_WARN_ENUM_CONVERSION = YES;
				CLANG_WARN_INFINITE_RECURSION = YES;
				CLANG_WARN_INT_CONVERSION = YES;
				CLANG_WARN_NON_LITERAL_NULL_CONVERSION = YES;
				CLANG_WARN_OBJC_IMPLICIT_RETAIN_SELF = YES;
				CLANG_WARN_OBJC_LITERAL_CONVERSION = YES;
				CLANG_WARN_OBJC_ROOT_CLASS = YES_ERROR;
				CLANG_WARN_QUOTED_INCLUDE_IN_FRAMEWORK_HEADER = YES;
				CLANG_WARN_RANGE_LOOP_ANALYSIS = YES;
				CLANG_WARN_STRICT_PROTOTYPES = YES;
				CLANG_WARN_SUSPICIOUS_MOVE = YES;
				CLANG_WARN_UNGUARDED_AVAILABILITY = YES_AGGRESSIVE;
				CLANG_WARN_UNREACHABLE_CODE = YES;
				CLANG_WARN__DUPLICATE_METHOD_MATCH = YES;
				COPY_PHASE_STRIP = NO;
				DEBUG_INFORMATION_FORMAT = "dwarf-with-dsym";
				ENABLE_NS_ASSERTIONS = NO;
				ENABLE_STRICT_OBJC_MSGSEND = YES;
				GCC_C_LANGUAGE_STANDARD = gnu11;
				GCC_NO_COMMON_BLOCKS = YES;
				GCC_WARN_64_TO_32_BIT_CONVERSION = YES;
				GCC_WARN_ABOUT_RETURN_TYPE = YES_ERROR;
				GCC_WARN_UNDECLARED_SELECTOR = YES;
				GCC_WARN_UNINITIALIZED_AUTOS = YES_AGGRESSIVE;
				GCC_WARN_UNUSED_FUNCTION = YES;
				GCC_WARN_UNUSED_VARIABLE = YES;
				IPHONEOS_DEPLOYMENT_TARGET = 14.5;
				MTL_ENABLE_DEBUG_INFO = NO;
				MTL_FAST_MATH = YES;
				SDKROOT = iphoneos;
				SWIFT_COMPILATION_MODE = wholemodule;
				SWIFT_OPTIMIZATION_LEVEL = "-O";
				VALIDATE_PRODUCT = YES;
			};
			name = Release;
		};
		B57965A9269DED600070C294 /* Debug */ = {
			isa = XCBuildConfiguration;
			buildSettings = {
				ASSETCATALOG_COMPILER_APPICON_NAME = AppIcon;
				ASSETCATALOG_COMPILER_GLOBAL_ACCENT_COLOR_NAME = AccentColor;
				CLANG_ENABLE_MODULES = YES;
				CODE_SIGN_STYLE = Automatic;
				DEVELOPMENT_TEAM = W5ML5VAV94;
				INFOPLIST_FILE = MEADepthCamera/Info.plist;
				LD_RUNPATH_SEARCH_PATHS = (
					"$(inherited)",
					"@executable_path/Frameworks",
				);
				PRODUCT_BUNDLE_IDENTIFIER = "com.mea-lab.MEADepthCamera";
				PRODUCT_NAME = "$(TARGET_NAME)";
				SWIFT_OBJC_BRIDGING_HEADER = "MEADepthCamera/MEADepthCamera-Bridging-Header.h";
				SWIFT_OPTIMIZATION_LEVEL = "-Onone";
				SWIFT_VERSION = 5.0;
				TARGETED_DEVICE_FAMILY = "1,2";
			};
			name = Debug;
		};
		B57965AA269DED600070C294 /* Release */ = {
			isa = XCBuildConfiguration;
			buildSettings = {
				ASSETCATALOG_COMPILER_APPICON_NAME = AppIcon;
				ASSETCATALOG_COMPILER_GLOBAL_ACCENT_COLOR_NAME = AccentColor;
				CLANG_ENABLE_MODULES = YES;
				CODE_SIGN_STYLE = Automatic;
				DEVELOPMENT_TEAM = W5ML5VAV94;
				INFOPLIST_FILE = MEADepthCamera/Info.plist;
				LD_RUNPATH_SEARCH_PATHS = (
					"$(inherited)",
					"@executable_path/Frameworks",
				);
				PRODUCT_BUNDLE_IDENTIFIER = "com.mea-lab.MEADepthCamera";
				PRODUCT_NAME = "$(TARGET_NAME)";
				SWIFT_OBJC_BRIDGING_HEADER = "MEADepthCamera/MEADepthCamera-Bridging-Header.h";
				SWIFT_VERSION = 5.0;
				TARGETED_DEVICE_FAMILY = "1,2";
			};
			name = Release;
		};
		B57965AC269DED600070C294 /* Debug */ = {
			isa = XCBuildConfiguration;
			buildSettings = {
				ALWAYS_EMBED_SWIFT_STANDARD_LIBRARIES = YES;
				BUNDLE_LOADER = "$(TEST_HOST)";
				CODE_SIGN_STYLE = Automatic;
				DEVELOPMENT_TEAM = W5ML5VAV94;
				INFOPLIST_FILE = MEADepthCameraTests/Info.plist;
				IPHONEOS_DEPLOYMENT_TARGET = 14.5;
				LD_RUNPATH_SEARCH_PATHS = (
					"$(inherited)",
					"@executable_path/Frameworks",
					"@loader_path/Frameworks",
				);
				PRODUCT_BUNDLE_IDENTIFIER = "com.example.mea-lab.MEADepthCameraTests";
				PRODUCT_NAME = "$(TARGET_NAME)";
				SWIFT_VERSION = 5.0;
				TARGETED_DEVICE_FAMILY = "1,2";
				TEST_HOST = "$(BUILT_PRODUCTS_DIR)/MEADepthCamera.app/MEADepthCamera";
			};
			name = Debug;
		};
		B57965AD269DED600070C294 /* Release */ = {
			isa = XCBuildConfiguration;
			buildSettings = {
				ALWAYS_EMBED_SWIFT_STANDARD_LIBRARIES = YES;
				BUNDLE_LOADER = "$(TEST_HOST)";
				CODE_SIGN_STYLE = Automatic;
				DEVELOPMENT_TEAM = W5ML5VAV94;
				INFOPLIST_FILE = MEADepthCameraTests/Info.plist;
				IPHONEOS_DEPLOYMENT_TARGET = 14.5;
				LD_RUNPATH_SEARCH_PATHS = (
					"$(inherited)",
					"@executable_path/Frameworks",
					"@loader_path/Frameworks",
				);
				PRODUCT_BUNDLE_IDENTIFIER = "com.example.mea-lab.MEADepthCameraTests";
				PRODUCT_NAME = "$(TARGET_NAME)";
				SWIFT_VERSION = 5.0;
				TARGETED_DEVICE_FAMILY = "1,2";
				TEST_HOST = "$(BUILT_PRODUCTS_DIR)/MEADepthCamera.app/MEADepthCamera";
			};
			name = Release;
		};
		B57965AF269DED600070C294 /* Debug */ = {
			isa = XCBuildConfiguration;
			buildSettings = {
				ALWAYS_EMBED_SWIFT_STANDARD_LIBRARIES = YES;
				CODE_SIGN_STYLE = Automatic;
				DEVELOPMENT_TEAM = W5ML5VAV94;
				INFOPLIST_FILE = MEADepthCameraUITests/Info.plist;
				LD_RUNPATH_SEARCH_PATHS = (
					"$(inherited)",
					"@executable_path/Frameworks",
					"@loader_path/Frameworks",
				);
				PRODUCT_BUNDLE_IDENTIFIER = "com.example.mea-lab.MEADepthCameraUITests";
				PRODUCT_NAME = "$(TARGET_NAME)";
				SWIFT_VERSION = 5.0;
				TARGETED_DEVICE_FAMILY = "1,2";
				TEST_TARGET_NAME = MEADepthCamera;
			};
			name = Debug;
		};
		B57965B0269DED600070C294 /* Release */ = {
			isa = XCBuildConfiguration;
			buildSettings = {
				ALWAYS_EMBED_SWIFT_STANDARD_LIBRARIES = YES;
				CODE_SIGN_STYLE = Automatic;
				DEVELOPMENT_TEAM = W5ML5VAV94;
				INFOPLIST_FILE = MEADepthCameraUITests/Info.plist;
				LD_RUNPATH_SEARCH_PATHS = (
					"$(inherited)",
					"@executable_path/Frameworks",
					"@loader_path/Frameworks",
				);
				PRODUCT_BUNDLE_IDENTIFIER = "com.example.mea-lab.MEADepthCameraUITests";
				PRODUCT_NAME = "$(TARGET_NAME)";
				SWIFT_VERSION = 5.0;
				TARGETED_DEVICE_FAMILY = "1,2";
				TEST_TARGET_NAME = MEADepthCamera;
			};
			name = Release;
		};
/* End XCBuildConfiguration section */

/* Begin XCConfigurationList section */
		B5796579269DED5F0070C294 /* Build configuration list for PBXProject "MEADepthCamera" */ = {
			isa = XCConfigurationList;
			buildConfigurations = (
				B57965A6269DED600070C294 /* Debug */,
				B57965A7269DED600070C294 /* Release */,
			);
			defaultConfigurationIsVisible = 0;
			defaultConfigurationName = Release;
		};
		B57965A8269DED600070C294 /* Build configuration list for PBXNativeTarget "MEADepthCamera" */ = {
			isa = XCConfigurationList;
			buildConfigurations = (
				B57965A9269DED600070C294 /* Debug */,
				B57965AA269DED600070C294 /* Release */,
			);
			defaultConfigurationIsVisible = 0;
			defaultConfigurationName = Release;
		};
		B57965AB269DED600070C294 /* Build configuration list for PBXNativeTarget "MEADepthCameraTests" */ = {
			isa = XCConfigurationList;
			buildConfigurations = (
				B57965AC269DED600070C294 /* Debug */,
				B57965AD269DED600070C294 /* Release */,
			);
			defaultConfigurationIsVisible = 0;
			defaultConfigurationName = Release;
		};
		B57965AE269DED600070C294 /* Build configuration list for PBXNativeTarget "MEADepthCameraUITests" */ = {
			isa = XCConfigurationList;
			buildConfigurations = (
				B57965AF269DED600070C294 /* Debug */,
				B57965B0269DED600070C294 /* Release */,
			);
			defaultConfigurationIsVisible = 0;
			defaultConfigurationName = Release;
		};
/* End XCConfigurationList section */
	};
	rootObject = B5796576269DED5F0070C294 /* Project object */;
}
