// !$*UTF8*$!
{
	archiveVersion = 1;
	classes = {
	};
	objectVersion = 50;
	objects = {

/* Begin PBXBuildFile section */
		B501607D273357FD003AB94D /* StartButtonSupplementaryView.swift in Sources */ = {isa = PBXBuildFile; fileRef = B501607C273357FD003AB94D /* StartButtonSupplementaryView.swift */; };
		B501607F27345670003AB94D /* TaskSplitViewController.swift in Sources */ = {isa = PBXBuildFile; fileRef = B501607E27345670003AB94D /* TaskSplitViewController.swift */; };
		B50160812734577A003AB94D /* TaskListViewModel.swift in Sources */ = {isa = PBXBuildFile; fileRef = B50160802734577A003AB94D /* TaskListViewModel.swift */; };
		B5016083273465F0003AB94D /* TaskDetailViewController.swift in Sources */ = {isa = PBXBuildFile; fileRef = B5016082273465F0003AB94D /* TaskDetailViewController.swift */; };
		B501608527346799003AB94D /* TaskDetailViewModel.swift in Sources */ = {isa = PBXBuildFile; fileRef = B501608427346799003AB94D /* TaskDetailViewModel.swift */; };
		B50160872735A4F9003AB94D /* ExpandableHeaderCell.swift in Sources */ = {isa = PBXBuildFile; fileRef = B50160862735A4F9003AB94D /* ExpandableHeaderCell.swift */; };
		B50160892735E7E4003AB94D /* HeaderTextCell.swift in Sources */ = {isa = PBXBuildFile; fileRef = B50160882735E7E4003AB94D /* HeaderTextCell.swift */; };
		B50787D626AF73D60077ACCB /* FaceLandmarksPipeline.swift in Sources */ = {isa = PBXBuildFile; fileRef = B50787D526AF73D60077ACCB /* FaceLandmarksPipeline.swift */; };
		B50944B226E94E8D0020971D /* MEADepthCamera_experiments.json in Resources */ = {isa = PBXBuildFile; fileRef = B50944B126E94E8D0020971D /* MEADepthCamera_experiments.json */; };
		B50944B426E94FEC0020971D /* JSONError.swift in Sources */ = {isa = PBXBuildFile; fileRef = B50944B326E94FEC0020971D /* JSONError.swift */; };
		B5235ECC26C207CB0042106C /* InfoFileWriter.swift in Sources */ = {isa = PBXBuildFile; fileRef = B5235ECB26C207CB0042106C /* InfoFileWriter.swift */; };
		B534ED0F26DDAC2800A138EA /* ProcessingView.swift in Sources */ = {isa = PBXBuildFile; fileRef = B534ED0E26DDAC2800A138EA /* ProcessingView.swift */; };
		B536DA3D271F781200A9C3BB /* ReadjustingStackView.swift in Sources */ = {isa = PBXBuildFile; fileRef = B536DA3C271F781200A9C3BB /* ReadjustingStackView.swift */; };
		B5380D0D26A20383003328D8 /* FaceLandmarksFileWriter.swift in Sources */ = {isa = PBXBuildFile; fileRef = B5380D0C26A20383003328D8 /* FaceLandmarksFileWriter.swift */; };
		B53CD4B026B3585B003BBFD9 /* lensDistortionPointForPoint.m in Sources */ = {isa = PBXBuildFile; fileRef = B53CD4AF26B3585B003BBFD9 /* lensDistortionPointForPoint.m */; };
		B53CD4B326B38EF3003BBFD9 /* CapturePipeline.swift in Sources */ = {isa = PBXBuildFile; fileRef = B53CD4B226B38EF3003BBFD9 /* CapturePipeline.swift */; };
		B53CD4B526B39F6E003BBFD9 /* Enumerations.swift in Sources */ = {isa = PBXBuildFile; fileRef = B53CD4B426B39F6E003BBFD9 /* Enumerations.swift */; };
		B53CD4B726B3A8E9003BBFD9 /* CaptureSessionManager.swift in Sources */ = {isa = PBXBuildFile; fileRef = B53CD4B626B3A8E9003BBFD9 /* CaptureSessionManager.swift */; };
		B54215BA26C316F600A4F984 /* MainMenuViewController.swift in Sources */ = {isa = PBXBuildFile; fileRef = B54215B926C316F600A4F984 /* MainMenuViewController.swift */; };
		B54215C226C3582C00A4F984 /* UseCaseDetailViewController.swift in Sources */ = {isa = PBXBuildFile; fileRef = B54215C126C3582C00A4F984 /* UseCaseDetailViewController.swift */; };
		B54215C426C3596F00A4F984 /* UseCaseDetailViewModel.swift in Sources */ = {isa = PBXBuildFile; fileRef = B54215C326C3596F00A4F984 /* UseCaseDetailViewModel.swift */; };
		B54215C826C366C900A4F984 /* UseCaseDetailEditViewModel.swift in Sources */ = {isa = PBXBuildFile; fileRef = B54215C726C366C900A4F984 /* UseCaseDetailEditViewModel.swift */; };
		B54215CA26C3670E00A4F984 /* MainMenuDataSource.swift in Sources */ = {isa = PBXBuildFile; fileRef = B54215C926C3670E00A4F984 /* MainMenuDataSource.swift */; };
		B54215CF26C45A3900A4F984 /* MEADepthCamera.xcdatamodeld in Sources */ = {isa = PBXBuildFile; fileRef = B54215CD26C45A3900A4F984 /* MEADepthCamera.xcdatamodeld */; };
		B542161026C45F7300A4F984 /* PersistentContainer.swift in Sources */ = {isa = PBXBuildFile; fileRef = B542160F26C45F7300A4F984 /* PersistentContainer.swift */; };
		B56BF7682717402D003622F1 /* CodingCameraCalibrationData.swift in Sources */ = {isa = PBXBuildFile; fileRef = B56BF7672717402D003622F1 /* CodingCameraCalibrationData.swift */; };
		B56BF76A27174089003622F1 /* CodingMatrixFloat3.swift in Sources */ = {isa = PBXBuildFile; fileRef = B56BF76927174089003622F1 /* CodingMatrixFloat3.swift */; };
		B56BF76C271784DD003622F1 /* RecordingInteractionDelegate.swift in Sources */ = {isa = PBXBuildFile; fileRef = B56BF76B271784DD003622F1 /* RecordingInteractionDelegate.swift */; };
		B56F1A6426E0430600A29C42 /* CoreDataStack.swift in Sources */ = {isa = PBXBuildFile; fileRef = B56F1A6326E0430600A29C42 /* CoreDataStack.swift */; };
		B56F1A6626E045AF00A29C42 /* Schema.swift in Sources */ = {isa = PBXBuildFile; fileRef = B56F1A6526E045AF00A29C42 /* Schema.swift */; };
		B56F1A8A26E06B2300A29C42 /* DataProvider.swift in Sources */ = {isa = PBXBuildFile; fileRef = B56F1A8926E06B2300A29C42 /* DataProvider.swift */; };
		B56F1A8C26E0786200A29C42 /* UseCaseProvider.swift in Sources */ = {isa = PBXBuildFile; fileRef = B56F1A8B26E0786200A29C42 /* UseCaseProvider.swift */; };
		B56F1A8E26E0787800A29C42 /* RecordingProvider.swift in Sources */ = {isa = PBXBuildFile; fileRef = B56F1A8D26E0787800A29C42 /* RecordingProvider.swift */; };
		B56F1A9126E07B2F00A29C42 /* Experiment+CoreDataClass.swift in Sources */ = {isa = PBXBuildFile; fileRef = B56F1A8F26E07B2F00A29C42 /* Experiment+CoreDataClass.swift */; };
		B56F1A9426E0813D00A29C42 /* ExperimentProvider.swift in Sources */ = {isa = PBXBuildFile; fileRef = B56F1A9326E0813D00A29C42 /* ExperimentProvider.swift */; };
		B56F1A9626E0903100A29C42 /* OutputFileProvider.swift in Sources */ = {isa = PBXBuildFile; fileRef = B56F1A9526E0903100A29C42 /* OutputFileProvider.swift */; };
		B56F1A9826E0A29200A29C42 /* UseCaseInteractionDelegate.swift in Sources */ = {isa = PBXBuildFile; fileRef = B56F1A9726E0A29200A29C42 /* UseCaseInteractionDelegate.swift */; };
		B56F2EA726AB654B00998C27 /* PointCloud.metal in Sources */ = {isa = PBXBuildFile; fileRef = B56F2EA626AB654B00998C27 /* PointCloud.metal */; };
		B575413F26B8E077004ED4E4 /* LandmarksTrackerProcessor.swift in Sources */ = {isa = PBXBuildFile; fileRef = B575413E26B8E077004ED4E4 /* LandmarksTrackerProcessor.swift */; };
		B575414126B8E08D004ED4E4 /* VideoReader.swift in Sources */ = {isa = PBXBuildFile; fileRef = B575414026B8E08D004ED4E4 /* VideoReader.swift */; };
		B575414326B8F9A0004ED4E4 /* SavedRecordingsDataSource.swift in Sources */ = {isa = PBXBuildFile; fileRef = B575414226B8F9A0004ED4E4 /* SavedRecordingsDataSource.swift */; };
		B575414526BA10C7004ED4E4 /* getNumberOfFrames.m in Sources */ = {isa = PBXBuildFile; fileRef = B575414426BA10C7004ED4E4 /* getNumberOfFrames.m */; };
		B5796582269DED5F0070C294 /* AppDelegate.swift in Sources */ = {isa = PBXBuildFile; fileRef = B5796581269DED5F0070C294 /* AppDelegate.swift */; };
		B5796584269DED5F0070C294 /* SceneDelegate.swift in Sources */ = {isa = PBXBuildFile; fileRef = B5796583269DED5F0070C294 /* SceneDelegate.swift */; };
		B5796586269DED5F0070C294 /* CameraViewController.swift in Sources */ = {isa = PBXBuildFile; fileRef = B5796585269DED5F0070C294 /* CameraViewController.swift */; };
		B5796589269DED5F0070C294 /* Main.storyboard in Resources */ = {isa = PBXBuildFile; fileRef = B5796587269DED5F0070C294 /* Main.storyboard */; };
		B579658B269DED600070C294 /* Assets.xcassets in Resources */ = {isa = PBXBuildFile; fileRef = B579658A269DED600070C294 /* Assets.xcassets */; };
		B579658E269DED600070C294 /* LaunchScreen.storyboard in Resources */ = {isa = PBXBuildFile; fileRef = B579658C269DED600070C294 /* LaunchScreen.storyboard */; };
		B5796599269DED600070C294 /* MEADepthCameraTests.swift in Sources */ = {isa = PBXBuildFile; fileRef = B5796598269DED600070C294 /* MEADepthCameraTests.swift */; };
		B57965A4269DED600070C294 /* MEADepthCameraUITests.swift in Sources */ = {isa = PBXBuildFile; fileRef = B57965A3269DED600070C294 /* MEADepthCameraUITests.swift */; };
		B57965B626A096B10070C294 /* VideoFileWriter.swift in Sources */ = {isa = PBXBuildFile; fileRef = B57965B526A096B10070C294 /* VideoFileWriter.swift */; };
		B57B3C0F273B19AE00CCF9A8 /* SessionSetupError.swift in Sources */ = {isa = PBXBuildFile; fileRef = B57B3C0E273B19AE00CCF9A8 /* SessionSetupError.swift */; };
		B57B3C11273B244E00CCF9A8 /* AVFoundation+Extensions.swift in Sources */ = {isa = PBXBuildFile; fileRef = B57B3C10273B244E00CCF9A8 /* AVFoundation+Extensions.swift */; };
		B57B3C13273B261A00CCF9A8 /* PreviewMetalView+Extensions.swift in Sources */ = {isa = PBXBuildFile; fileRef = B57B3C12273B261A00CCF9A8 /* PreviewMetalView+Extensions.swift */; };
		B57B3C15273B26EA00CCF9A8 /* NotificationName.swift in Sources */ = {isa = PBXBuildFile; fileRef = B57B3C14273B26EA00CCF9A8 /* NotificationName.swift */; };
		B585A0A026C58A9500CA6546 /* Recording+CoreDataClass.swift in Sources */ = {isa = PBXBuildFile; fileRef = B585A09A26C58A9500CA6546 /* Recording+CoreDataClass.swift */; };
		B585A0A226C58A9500CA6546 /* Task+CoreDataClass.swift in Sources */ = {isa = PBXBuildFile; fileRef = B585A09C26C58A9500CA6546 /* Task+CoreDataClass.swift */; };
		B585A0A426C58A9500CA6546 /* OutputFile+CoreDataClass.swift in Sources */ = {isa = PBXBuildFile; fileRef = B585A09E26C58A9500CA6546 /* OutputFile+CoreDataClass.swift */; };
		B587706026B4ADAC00E26C7D /* Functions.swift in Sources */ = {isa = PBXBuildFile; fileRef = B587705F26B4ADAC00E26C7D /* Functions.swift */; };
		B587706226B4AEAC00E26C7D /* CommonTypes.swift in Sources */ = {isa = PBXBuildFile; fileRef = B587706126B4AEAC00E26C7D /* CommonTypes.swift */; };
		B5886DF826AA16C900EB344C /* DepthToGrayscale.metal in Sources */ = {isa = PBXBuildFile; fileRef = B5886DF726AA16C900EB344C /* DepthToGrayscale.metal */; };
		B5886DFA26AA3A4F00EB344C /* FaceObservationOverlayView.swift in Sources */ = {isa = PBXBuildFile; fileRef = B5886DF926AA3A4F00EB344C /* FaceObservationOverlayView.swift */; };
		B5886DFD26AA61E100EB344C /* LiveFaceDetectionProcessor.swift in Sources */ = {isa = PBXBuildFile; fileRef = B5886DFC26AA61E100EB344C /* LiveFaceDetectionProcessor.swift */; };
		B5886E0126AA7F8500EB344C /* Extensions.swift in Sources */ = {isa = PBXBuildFile; fileRef = B5886E0026AA7F8500EB344C /* Extensions.swift */; };
		B5886E0326AB249A00EB344C /* FileConfigurations.swift in Sources */ = {isa = PBXBuildFile; fileRef = B5886E0226AB249A00EB344C /* FileConfigurations.swift */; };
		B5886E0526AB2CEE00EB344C /* FileWriter.swift in Sources */ = {isa = PBXBuildFile; fileRef = B5886E0426AB2CEE00EB344C /* FileWriter.swift */; };
		B58F4D5E2739DF6B0073B107 /* BackButton.swift in Sources */ = {isa = PBXBuildFile; fileRef = B58F4D5D2739DF6A0073B107 /* BackButton.swift */; };
		B58F4D60273A08600073B107 /* TitleSupplementaryView.swift in Sources */ = {isa = PBXBuildFile; fileRef = B58F4D5F273A08600073B107 /* TitleSupplementaryView.swift */; };
		B5916151272362E8005604BF /* LabelListView.swift in Sources */ = {isa = PBXBuildFile; fileRef = B5916150272362E8005604BF /* LabelListView.swift */; };
		B591615327236D67005604BF /* TextCellContentView.swift in Sources */ = {isa = PBXBuildFile; fileRef = B591615227236D67005604BF /* TextCellContentView.swift */; };
		B59161562727AA33005604BF /* DetailViewController.swift in Sources */ = {isa = PBXBuildFile; fileRef = B59161552727AA33005604BF /* DetailViewController.swift */; };
		B59161582727AA95005604BF /* DetailViewModel.swift in Sources */ = {isa = PBXBuildFile; fileRef = B59161572727AA95005604BF /* DetailViewModel.swift */; };
		B5A7CE1F26A8D68B008C4900 /* AudioFileWriter.swift in Sources */ = {isa = PBXBuildFile; fileRef = B5A7CE1E26A8D68B008C4900 /* AudioFileWriter.swift */; };
		B5ABE85826A9CAA7003D2AFD /* DepthMapFileWriter.swift in Sources */ = {isa = PBXBuildFile; fileRef = B5ABE85726A9CAA7003D2AFD /* DepthMapFileWriter.swift */; };
		B5ABE85C26AA04B8003D2AFD /* ImageRenderer.swift in Sources */ = {isa = PBXBuildFile; fileRef = B5ABE85B26AA04B8003D2AFD /* ImageRenderer.swift */; };
		B5ABE86426AA08E0003D2AFD /* DepthToGrayscaleConverter.swift in Sources */ = {isa = PBXBuildFile; fileRef = B5ABE86326AA08E0003D2AFD /* DepthToGrayscaleConverter.swift */; };
		B5C732AF26BDCE66002B01C2 /* DataPipeline.swift in Sources */ = {isa = PBXBuildFile; fileRef = B5C732AE26BDCE66002B01C2 /* DataPipeline.swift */; };
		B5C732B126BDD32F002B01C2 /* VisionProcessor.swift in Sources */ = {isa = PBXBuildFile; fileRef = B5C732B026BDD32F002B01C2 /* VisionProcessor.swift */; };
		B5C89314272B80DD002E2EC1 /* ObservableModelStore.swift in Sources */ = {isa = PBXBuildFile; fileRef = B5C89313272B80DD002E2EC1 /* ObservableModelStore.swift */; };
		B5C89316272BDDC3002E2EC1 /* UseCaseSplitViewController.swift in Sources */ = {isa = PBXBuildFile; fileRef = B5C89315272BDDC2002E2EC1 /* UseCaseSplitViewController.swift */; };
		B5D209A4271A19EA005CEC9A /* ModelStore.swift in Sources */ = {isa = PBXBuildFile; fileRef = B5D209A3271A19EA005CEC9A /* ModelStore.swift */; };
		B5D209A7271A2087005CEC9A /* ItemListCell.swift in Sources */ = {isa = PBXBuildFile; fileRef = B5D209A6271A2087005CEC9A /* ItemListCell.swift */; };
		B5D209A9271A295A005CEC9A /* ListViewModel.swift in Sources */ = {isa = PBXBuildFile; fileRef = B5D209A8271A295A005CEC9A /* ListViewModel.swift */; };
		B5D4E3FA26B2183C00CB1241 /* PassThrough.metal in Sources */ = {isa = PBXBuildFile; fileRef = B5D4E3F926B2183C00CB1241 /* PassThrough.metal */; };
		B5D4E3FC26B2192000CB1241 /* PreviewMetalView.swift in Sources */ = {isa = PBXBuildFile; fileRef = B5D4E3FB26B2192000CB1241 /* PreviewMetalView.swift */; };
		B5D6CAEB26D9A4CC002165C6 /* virtualSLP_tasks.json in Resources */ = {isa = PBXBuildFile; fileRef = B5D6CAEA26D9A4CC002165C6 /* virtualSLP_tasks.json */; };
		B5D6CAED26D9AF4C002165C6 /* TaskProvider.swift in Sources */ = {isa = PBXBuildFile; fileRef = B5D6CAEC26D9AF4C002165C6 /* TaskProvider.swift */; };
		B5DF4B8A26C495EB0045AE43 /* UseCaseListViewController.swift in Sources */ = {isa = PBXBuildFile; fileRef = B5DF4B8926C495EB0045AE43 /* UseCaseListViewController.swift */; };
		B5DF4B9126C4ADA60045AE43 /* UseCase+CoreDataClass.swift in Sources */ = {isa = PBXBuildFile; fileRef = B5DF4B8F26C4ADA60045AE43 /* UseCase+CoreDataClass.swift */; };
		B5E65DA026B0D6100052FFE4 /* PointCloudProcessor.swift in Sources */ = {isa = PBXBuildFile; fileRef = B5E65D9F26B0D6100052FFE4 /* PointCloudProcessor.swift */; };
		B5ED04BB270D194F00A282FC /* ProcessingView.xib in Resources */ = {isa = PBXBuildFile; fileRef = B5ED04BA270D194F00A282FC /* ProcessingView.xib */; };
		B5F447EC26EFF7A100528ACA /* ListViewController.swift in Sources */ = {isa = PBXBuildFile; fileRef = B5F447EB26EFF7A100528ACA /* ListViewController.swift */; };
		B5F447F126EFFB6C00528ACA /* TaskListViewController.swift in Sources */ = {isa = PBXBuildFile; fileRef = B5F447F026EFFB6C00528ACA /* TaskListViewController.swift */; };
		B5F447F526F0047800528ACA /* ProcessorSettings.swift in Sources */ = {isa = PBXBuildFile; fileRef = B5F447F426F0047800528ACA /* ProcessorSettings.swift */; };
		B5F447F726F008E600528ACA /* ProcessorSettingsToDataTransformer.swift in Sources */ = {isa = PBXBuildFile; fileRef = B5F447F626F008E600528ACA /* ProcessorSettingsToDataTransformer.swift */; };
		B5FB0A4926D44FBB00F65FA5 /* RecordingDetailViewController.swift in Sources */ = {isa = PBXBuildFile; fileRef = B5FB0A4826D44FBB00F65FA5 /* RecordingDetailViewController.swift */; };
		B5FB0A4B26D4548D00F65FA5 /* RecordingDetailViewDataSource.swift in Sources */ = {isa = PBXBuildFile; fileRef = B5FB0A4A26D4548D00F65FA5 /* RecordingDetailViewDataSource.swift */; };
		B5FB0A4D26D5765000F65FA5 /* RecordingListViewController.swift in Sources */ = {isa = PBXBuildFile; fileRef = B5FB0A4C26D5765000F65FA5 /* RecordingListViewController.swift */; };
		B5FB0A4F26D5767500F65FA5 /* RecordingListDataSource.swift in Sources */ = {isa = PBXBuildFile; fileRef = B5FB0A4E26D5767500F65FA5 /* RecordingListDataSource.swift */; };
		B5FB0A5226D577C900F65FA5 /* RecordingListCell.swift in Sources */ = {isa = PBXBuildFile; fileRef = B5FB0A5126D577C900F65FA5 /* RecordingListCell.swift */; };
		B5FB0A5426D5858600F65FA5 /* RecordingDetailEditDataSource.swift in Sources */ = {isa = PBXBuildFile; fileRef = B5FB0A5326D5858600F65FA5 /* RecordingDetailEditDataSource.swift */; };
		BE64A20A272949A200DA1689 /* UseCaseListViewModel.swift in Sources */ = {isa = PBXBuildFile; fileRef = BE64A209272949A200DA1689 /* UseCaseListViewModel.swift */; };
		BE64A20C27294C9100DA1689 /* ListModel.swift in Sources */ = {isa = PBXBuildFile; fileRef = BE64A20B27294C9100DA1689 /* ListModel.swift */; };
		BE64A212272A8C4000DA1689 /* PickerViewCell.swift in Sources */ = {isa = PBXBuildFile; fileRef = BE64A20E272A8C4000DA1689 /* PickerViewCell.swift */; };
		BE64A213272A8C4000DA1689 /* TextFieldCell.swift in Sources */ = {isa = PBXBuildFile; fileRef = BE64A20F272A8C4000DA1689 /* TextFieldCell.swift */; };
		BE64A214272A8C4000DA1689 /* TextViewCell.swift in Sources */ = {isa = PBXBuildFile; fileRef = BE64A210272A8C4000DA1689 /* TextViewCell.swift */; };
		BE64A215272A8C4000DA1689 /* TextInputCellDelegate.swift in Sources */ = {isa = PBXBuildFile; fileRef = BE64A211272A8C4000DA1689 /* TextInputCellDelegate.swift */; };
		BE64A217272A8C8700DA1689 /* ListTextCell.swift in Sources */ = {isa = PBXBuildFile; fileRef = BE64A216272A8C8700DA1689 /* ListTextCell.swift */; };
		BEBD1494271972C6007AC466 /* ModelObject.swift in Sources */ = {isa = PBXBuildFile; fileRef = BEBD1493271972C6007AC466 /* ModelObject.swift */; };
/* End PBXBuildFile section */

/* Begin PBXContainerItemProxy section */
		B5796595269DED600070C294 /* PBXContainerItemProxy */ = {
			isa = PBXContainerItemProxy;
			containerPortal = B5796576269DED5F0070C294 /* Project object */;
			proxyType = 1;
			remoteGlobalIDString = B579657D269DED5F0070C294;
			remoteInfo = MEADepthCamera;
		};
		B57965A0269DED600070C294 /* PBXContainerItemProxy */ = {
			isa = PBXContainerItemProxy;
			containerPortal = B5796576269DED5F0070C294 /* Project object */;
			proxyType = 1;
			remoteGlobalIDString = B579657D269DED5F0070C294;
			remoteInfo = MEADepthCamera;
		};
/* End PBXContainerItemProxy section */

/* Begin PBXFileReference section */
		B501607C273357FD003AB94D /* StartButtonSupplementaryView.swift */ = {isa = PBXFileReference; lastKnownFileType = sourcecode.swift; path = StartButtonSupplementaryView.swift; sourceTree = "<group>"; };
		B501607E27345670003AB94D /* TaskSplitViewController.swift */ = {isa = PBXFileReference; lastKnownFileType = sourcecode.swift; path = TaskSplitViewController.swift; sourceTree = "<group>"; };
		B50160802734577A003AB94D /* TaskListViewModel.swift */ = {isa = PBXFileReference; lastKnownFileType = sourcecode.swift; path = TaskListViewModel.swift; sourceTree = "<group>"; };
		B5016082273465F0003AB94D /* TaskDetailViewController.swift */ = {isa = PBXFileReference; lastKnownFileType = sourcecode.swift; path = TaskDetailViewController.swift; sourceTree = "<group>"; };
		B501608427346799003AB94D /* TaskDetailViewModel.swift */ = {isa = PBXFileReference; lastKnownFileType = sourcecode.swift; path = TaskDetailViewModel.swift; sourceTree = "<group>"; };
		B50160862735A4F9003AB94D /* ExpandableHeaderCell.swift */ = {isa = PBXFileReference; lastKnownFileType = sourcecode.swift; path = ExpandableHeaderCell.swift; sourceTree = "<group>"; };
		B50160882735E7E4003AB94D /* HeaderTextCell.swift */ = {isa = PBXFileReference; lastKnownFileType = sourcecode.swift; path = HeaderTextCell.swift; sourceTree = "<group>"; };
		B50787D526AF73D60077ACCB /* FaceLandmarksPipeline.swift */ = {isa = PBXFileReference; lastKnownFileType = sourcecode.swift; path = FaceLandmarksPipeline.swift; sourceTree = "<group>"; };
		B50944B126E94E8D0020971D /* MEADepthCamera_experiments.json */ = {isa = PBXFileReference; fileEncoding = 4; lastKnownFileType = text.json; path = MEADepthCamera_experiments.json; sourceTree = "<group>"; };
		B50944B326E94FEC0020971D /* JSONError.swift */ = {isa = PBXFileReference; lastKnownFileType = sourcecode.swift; path = JSONError.swift; sourceTree = "<group>"; };
		B518049126ACBB0F0036F104 /* ShaderTypes.h */ = {isa = PBXFileReference; lastKnownFileType = sourcecode.c.h; path = ShaderTypes.h; sourceTree = "<group>"; };
		B5235ECB26C207CB0042106C /* InfoFileWriter.swift */ = {isa = PBXFileReference; lastKnownFileType = sourcecode.swift; path = InfoFileWriter.swift; sourceTree = "<group>"; };
		B534ED0E26DDAC2800A138EA /* ProcessingView.swift */ = {isa = PBXFileReference; lastKnownFileType = sourcecode.swift; path = ProcessingView.swift; sourceTree = "<group>"; };
		B536DA3C271F781200A9C3BB /* ReadjustingStackView.swift */ = {isa = PBXFileReference; lastKnownFileType = sourcecode.swift; path = ReadjustingStackView.swift; sourceTree = "<group>"; };
		B5380D0C26A20383003328D8 /* FaceLandmarksFileWriter.swift */ = {isa = PBXFileReference; lastKnownFileType = sourcecode.swift; path = FaceLandmarksFileWriter.swift; sourceTree = "<group>"; };
		B53CD4AF26B3585B003BBFD9 /* lensDistortionPointForPoint.m */ = {isa = PBXFileReference; lastKnownFileType = sourcecode.c.objc; path = lensDistortionPointForPoint.m; sourceTree = "<group>"; };
		B53CD4B126B35869003BBFD9 /* lensDistortionPointForPoint.h */ = {isa = PBXFileReference; lastKnownFileType = sourcecode.c.h; path = lensDistortionPointForPoint.h; sourceTree = "<group>"; };
		B53CD4B226B38EF3003BBFD9 /* CapturePipeline.swift */ = {isa = PBXFileReference; lastKnownFileType = sourcecode.swift; path = CapturePipeline.swift; sourceTree = "<group>"; };
		B53CD4B426B39F6E003BBFD9 /* Enumerations.swift */ = {isa = PBXFileReference; lastKnownFileType = sourcecode.swift; path = Enumerations.swift; sourceTree = "<group>"; };
		B53CD4B626B3A8E9003BBFD9 /* CaptureSessionManager.swift */ = {isa = PBXFileReference; lastKnownFileType = sourcecode.swift; path = CaptureSessionManager.swift; sourceTree = "<group>"; };
		B54215B926C316F600A4F984 /* MainMenuViewController.swift */ = {isa = PBXFileReference; lastKnownFileType = sourcecode.swift; path = MainMenuViewController.swift; sourceTree = "<group>"; };
		B54215C126C3582C00A4F984 /* UseCaseDetailViewController.swift */ = {isa = PBXFileReference; lastKnownFileType = sourcecode.swift; path = UseCaseDetailViewController.swift; sourceTree = "<group>"; };
		B54215C326C3596F00A4F984 /* UseCaseDetailViewModel.swift */ = {isa = PBXFileReference; lastKnownFileType = sourcecode.swift; path = UseCaseDetailViewModel.swift; sourceTree = "<group>"; };
		B54215C726C366C900A4F984 /* UseCaseDetailEditViewModel.swift */ = {isa = PBXFileReference; lastKnownFileType = sourcecode.swift; path = UseCaseDetailEditViewModel.swift; sourceTree = "<group>"; };
		B54215C926C3670E00A4F984 /* MainMenuDataSource.swift */ = {isa = PBXFileReference; lastKnownFileType = sourcecode.swift; path = MainMenuDataSource.swift; sourceTree = "<group>"; };
		B54215CE26C45A3900A4F984 /* MEADepthCamera.xcdatamodel */ = {isa = PBXFileReference; lastKnownFileType = wrapper.xcdatamodel; path = MEADepthCamera.xcdatamodel; sourceTree = "<group>"; };
		B542160F26C45F7300A4F984 /* PersistentContainer.swift */ = {isa = PBXFileReference; lastKnownFileType = sourcecode.swift; path = PersistentContainer.swift; sourceTree = "<group>"; };
		B56BF7672717402D003622F1 /* CodingCameraCalibrationData.swift */ = {isa = PBXFileReference; lastKnownFileType = sourcecode.swift; path = CodingCameraCalibrationData.swift; sourceTree = "<group>"; };
		B56BF76927174089003622F1 /* CodingMatrixFloat3.swift */ = {isa = PBXFileReference; lastKnownFileType = sourcecode.swift; path = CodingMatrixFloat3.swift; sourceTree = "<group>"; };
		B56BF76B271784DD003622F1 /* RecordingInteractionDelegate.swift */ = {isa = PBXFileReference; lastKnownFileType = sourcecode.swift; path = RecordingInteractionDelegate.swift; sourceTree = "<group>"; };
		B56F1A6326E0430600A29C42 /* CoreDataStack.swift */ = {isa = PBXFileReference; lastKnownFileType = sourcecode.swift; path = CoreDataStack.swift; sourceTree = "<group>"; };
		B56F1A6526E045AF00A29C42 /* Schema.swift */ = {isa = PBXFileReference; lastKnownFileType = sourcecode.swift; path = Schema.swift; sourceTree = "<group>"; };
		B56F1A8926E06B2300A29C42 /* DataProvider.swift */ = {isa = PBXFileReference; lastKnownFileType = sourcecode.swift; path = DataProvider.swift; sourceTree = "<group>"; };
		B56F1A8B26E0786200A29C42 /* UseCaseProvider.swift */ = {isa = PBXFileReference; lastKnownFileType = sourcecode.swift; path = UseCaseProvider.swift; sourceTree = "<group>"; };
		B56F1A8D26E0787800A29C42 /* RecordingProvider.swift */ = {isa = PBXFileReference; lastKnownFileType = sourcecode.swift; path = RecordingProvider.swift; sourceTree = "<group>"; };
		B56F1A8F26E07B2F00A29C42 /* Experiment+CoreDataClass.swift */ = {isa = PBXFileReference; lastKnownFileType = sourcecode.swift; name = "Experiment+CoreDataClass.swift"; path = "MEADepthCamera/Persistent Storage/Model Classes/Experiment+CoreDataClass.swift"; sourceTree = SOURCE_ROOT; };
		B56F1A9326E0813D00A29C42 /* ExperimentProvider.swift */ = {isa = PBXFileReference; lastKnownFileType = sourcecode.swift; path = ExperimentProvider.swift; sourceTree = "<group>"; };
		B56F1A9526E0903100A29C42 /* OutputFileProvider.swift */ = {isa = PBXFileReference; lastKnownFileType = sourcecode.swift; path = OutputFileProvider.swift; sourceTree = "<group>"; };
		B56F1A9726E0A29200A29C42 /* UseCaseInteractionDelegate.swift */ = {isa = PBXFileReference; lastKnownFileType = sourcecode.swift; path = UseCaseInteractionDelegate.swift; sourceTree = "<group>"; };
		B56F2EA626AB654B00998C27 /* PointCloud.metal */ = {isa = PBXFileReference; lastKnownFileType = sourcecode.metal; path = PointCloud.metal; sourceTree = "<group>"; };
		B575413E26B8E077004ED4E4 /* LandmarksTrackerProcessor.swift */ = {isa = PBXFileReference; lastKnownFileType = sourcecode.swift; path = LandmarksTrackerProcessor.swift; sourceTree = "<group>"; };
		B575414026B8E08D004ED4E4 /* VideoReader.swift */ = {isa = PBXFileReference; lastKnownFileType = sourcecode.swift; path = VideoReader.swift; sourceTree = "<group>"; };
		B575414226B8F9A0004ED4E4 /* SavedRecordingsDataSource.swift */ = {isa = PBXFileReference; lastKnownFileType = sourcecode.swift; path = SavedRecordingsDataSource.swift; sourceTree = "<group>"; };
		B575414426BA10C7004ED4E4 /* getNumberOfFrames.m */ = {isa = PBXFileReference; lastKnownFileType = sourcecode.c.objc; path = getNumberOfFrames.m; sourceTree = "<group>"; };
		B575414626BA10DA004ED4E4 /* getNumberOfFrames.h */ = {isa = PBXFileReference; lastKnownFileType = sourcecode.c.h; path = getNumberOfFrames.h; sourceTree = "<group>"; };
		B579657E269DED5F0070C294 /* MEADepthCamera.app */ = {isa = PBXFileReference; explicitFileType = wrapper.application; includeInIndex = 0; path = MEADepthCamera.app; sourceTree = BUILT_PRODUCTS_DIR; };
		B5796581269DED5F0070C294 /* AppDelegate.swift */ = {isa = PBXFileReference; lastKnownFileType = sourcecode.swift; path = AppDelegate.swift; sourceTree = "<group>"; };
		B5796583269DED5F0070C294 /* SceneDelegate.swift */ = {isa = PBXFileReference; lastKnownFileType = sourcecode.swift; path = SceneDelegate.swift; sourceTree = "<group>"; };
		B5796585269DED5F0070C294 /* CameraViewController.swift */ = {isa = PBXFileReference; lastKnownFileType = sourcecode.swift; path = CameraViewController.swift; sourceTree = "<group>"; };
		B5796588269DED5F0070C294 /* Base */ = {isa = PBXFileReference; lastKnownFileType = file.storyboard; name = Base; path = Base.lproj/Main.storyboard; sourceTree = "<group>"; };
		B579658A269DED600070C294 /* Assets.xcassets */ = {isa = PBXFileReference; lastKnownFileType = folder.assetcatalog; path = Assets.xcassets; sourceTree = "<group>"; };
		B579658D269DED600070C294 /* Base */ = {isa = PBXFileReference; lastKnownFileType = file.storyboard; name = Base; path = Base.lproj/LaunchScreen.storyboard; sourceTree = "<group>"; };
		B579658F269DED600070C294 /* Info.plist */ = {isa = PBXFileReference; lastKnownFileType = text.plist.xml; path = Info.plist; sourceTree = "<group>"; };
		B5796594269DED600070C294 /* MEADepthCameraTests.xctest */ = {isa = PBXFileReference; explicitFileType = wrapper.cfbundle; includeInIndex = 0; path = MEADepthCameraTests.xctest; sourceTree = BUILT_PRODUCTS_DIR; };
		B5796598269DED600070C294 /* MEADepthCameraTests.swift */ = {isa = PBXFileReference; lastKnownFileType = sourcecode.swift; path = MEADepthCameraTests.swift; sourceTree = "<group>"; };
		B579659A269DED600070C294 /* Info.plist */ = {isa = PBXFileReference; lastKnownFileType = text.plist.xml; path = Info.plist; sourceTree = "<group>"; };
		B579659F269DED600070C294 /* MEADepthCameraUITests.xctest */ = {isa = PBXFileReference; explicitFileType = wrapper.cfbundle; includeInIndex = 0; path = MEADepthCameraUITests.xctest; sourceTree = BUILT_PRODUCTS_DIR; };
		B57965A3269DED600070C294 /* MEADepthCameraUITests.swift */ = {isa = PBXFileReference; lastKnownFileType = sourcecode.swift; path = MEADepthCameraUITests.swift; sourceTree = "<group>"; };
		B57965A5269DED600070C294 /* Info.plist */ = {isa = PBXFileReference; lastKnownFileType = text.plist.xml; path = Info.plist; sourceTree = "<group>"; };
		B57965B526A096B10070C294 /* VideoFileWriter.swift */ = {isa = PBXFileReference; lastKnownFileType = sourcecode.swift; path = VideoFileWriter.swift; sourceTree = "<group>"; };
		B57B3C0E273B19AE00CCF9A8 /* SessionSetupError.swift */ = {isa = PBXFileReference; lastKnownFileType = sourcecode.swift; path = SessionSetupError.swift; sourceTree = "<group>"; };
		B57B3C10273B244E00CCF9A8 /* AVFoundation+Extensions.swift */ = {isa = PBXFileReference; lastKnownFileType = sourcecode.swift; path = "AVFoundation+Extensions.swift"; sourceTree = "<group>"; };
		B57B3C12273B261A00CCF9A8 /* PreviewMetalView+Extensions.swift */ = {isa = PBXFileReference; lastKnownFileType = sourcecode.swift; path = "PreviewMetalView+Extensions.swift"; sourceTree = "<group>"; };
		B57B3C14273B26EA00CCF9A8 /* NotificationName.swift */ = {isa = PBXFileReference; lastKnownFileType = sourcecode.swift; path = NotificationName.swift; sourceTree = "<group>"; };
		B585A09A26C58A9500CA6546 /* Recording+CoreDataClass.swift */ = {isa = PBXFileReference; lastKnownFileType = sourcecode.swift; name = "Recording+CoreDataClass.swift"; path = "MEADepthCamera/Persistent Storage/Model Classes/Recording+CoreDataClass.swift"; sourceTree = SOURCE_ROOT; };
		B585A09C26C58A9500CA6546 /* Task+CoreDataClass.swift */ = {isa = PBXFileReference; lastKnownFileType = sourcecode.swift; name = "Task+CoreDataClass.swift"; path = "MEADepthCamera/Persistent Storage/Model Classes/Task+CoreDataClass.swift"; sourceTree = SOURCE_ROOT; };
		B585A09E26C58A9500CA6546 /* OutputFile+CoreDataClass.swift */ = {isa = PBXFileReference; lastKnownFileType = sourcecode.swift; name = "OutputFile+CoreDataClass.swift"; path = "MEADepthCamera/Persistent Storage/Model Classes/OutputFile+CoreDataClass.swift"; sourceTree = SOURCE_ROOT; };
		B587705F26B4ADAC00E26C7D /* Functions.swift */ = {isa = PBXFileReference; lastKnownFileType = sourcecode.swift; path = Functions.swift; sourceTree = "<group>"; };
		B587706126B4AEAC00E26C7D /* CommonTypes.swift */ = {isa = PBXFileReference; lastKnownFileType = sourcecode.swift; path = CommonTypes.swift; sourceTree = "<group>"; };
		B5886DF726AA16C900EB344C /* DepthToGrayscale.metal */ = {isa = PBXFileReference; lastKnownFileType = sourcecode.metal; path = DepthToGrayscale.metal; sourceTree = "<group>"; };
		B5886DF926AA3A4F00EB344C /* FaceObservationOverlayView.swift */ = {isa = PBXFileReference; lastKnownFileType = sourcecode.swift; path = FaceObservationOverlayView.swift; sourceTree = "<group>"; };
		B5886DFC26AA61E100EB344C /* LiveFaceDetectionProcessor.swift */ = {isa = PBXFileReference; lastKnownFileType = sourcecode.swift; path = LiveFaceDetectionProcessor.swift; sourceTree = "<group>"; };
		B5886E0026AA7F8500EB344C /* Extensions.swift */ = {isa = PBXFileReference; lastKnownFileType = sourcecode.swift; path = Extensions.swift; sourceTree = "<group>"; };
		B5886E0226AB249A00EB344C /* FileConfigurations.swift */ = {isa = PBXFileReference; lastKnownFileType = sourcecode.swift; path = FileConfigurations.swift; sourceTree = "<group>"; };
		B5886E0426AB2CEE00EB344C /* FileWriter.swift */ = {isa = PBXFileReference; lastKnownFileType = sourcecode.swift; path = FileWriter.swift; sourceTree = "<group>"; };
		B58F4D5D2739DF6A0073B107 /* BackButton.swift */ = {isa = PBXFileReference; lastKnownFileType = sourcecode.swift; path = BackButton.swift; sourceTree = "<group>"; };
		B58F4D5F273A08600073B107 /* TitleSupplementaryView.swift */ = {isa = PBXFileReference; lastKnownFileType = sourcecode.swift; path = TitleSupplementaryView.swift; sourceTree = "<group>"; };
		B5916150272362E8005604BF /* LabelListView.swift */ = {isa = PBXFileReference; lastKnownFileType = sourcecode.swift; path = LabelListView.swift; sourceTree = "<group>"; };
		B591615227236D67005604BF /* TextCellContentView.swift */ = {isa = PBXFileReference; lastKnownFileType = sourcecode.swift; path = TextCellContentView.swift; sourceTree = "<group>"; };
		B59161552727AA33005604BF /* DetailViewController.swift */ = {isa = PBXFileReference; lastKnownFileType = sourcecode.swift; path = DetailViewController.swift; sourceTree = "<group>"; };
		B59161572727AA95005604BF /* DetailViewModel.swift */ = {isa = PBXFileReference; lastKnownFileType = sourcecode.swift; path = DetailViewModel.swift; sourceTree = "<group>"; };
		B5A7CE1E26A8D68B008C4900 /* AudioFileWriter.swift */ = {isa = PBXFileReference; lastKnownFileType = sourcecode.swift; path = AudioFileWriter.swift; sourceTree = "<group>"; };
		B5ABE85726A9CAA7003D2AFD /* DepthMapFileWriter.swift */ = {isa = PBXFileReference; lastKnownFileType = sourcecode.swift; path = DepthMapFileWriter.swift; sourceTree = "<group>"; };
		B5ABE85B26AA04B8003D2AFD /* ImageRenderer.swift */ = {isa = PBXFileReference; lastKnownFileType = sourcecode.swift; path = ImageRenderer.swift; sourceTree = "<group>"; };
		B5ABE86326AA08E0003D2AFD /* DepthToGrayscaleConverter.swift */ = {isa = PBXFileReference; lastKnownFileType = sourcecode.swift; path = DepthToGrayscaleConverter.swift; sourceTree = "<group>"; };
		B5ABE86526AA09D0003D2AFD /* MEADepthCamera-Bridging-Header.h */ = {isa = PBXFileReference; lastKnownFileType = sourcecode.c.h; path = "MEADepthCamera-Bridging-Header.h"; sourceTree = "<group>"; };
		B5C732AE26BDCE66002B01C2 /* DataPipeline.swift */ = {isa = PBXFileReference; lastKnownFileType = sourcecode.swift; path = DataPipeline.swift; sourceTree = "<group>"; };
		B5C732B026BDD32F002B01C2 /* VisionProcessor.swift */ = {isa = PBXFileReference; lastKnownFileType = sourcecode.swift; path = VisionProcessor.swift; sourceTree = "<group>"; };
		B5C89313272B80DD002E2EC1 /* ObservableModelStore.swift */ = {isa = PBXFileReference; lastKnownFileType = sourcecode.swift; path = ObservableModelStore.swift; sourceTree = "<group>"; };
		B5C89315272BDDC2002E2EC1 /* UseCaseSplitViewController.swift */ = {isa = PBXFileReference; lastKnownFileType = sourcecode.swift; path = UseCaseSplitViewController.swift; sourceTree = "<group>"; };
		B5D209A3271A19EA005CEC9A /* ModelStore.swift */ = {isa = PBXFileReference; lastKnownFileType = sourcecode.swift; path = ModelStore.swift; sourceTree = "<group>"; };
		B5D209A6271A2087005CEC9A /* ItemListCell.swift */ = {isa = PBXFileReference; lastKnownFileType = sourcecode.swift; path = ItemListCell.swift; sourceTree = "<group>"; };
		B5D209A8271A295A005CEC9A /* ListViewModel.swift */ = {isa = PBXFileReference; lastKnownFileType = sourcecode.swift; path = ListViewModel.swift; sourceTree = "<group>"; };
		B5D4E3F926B2183C00CB1241 /* PassThrough.metal */ = {isa = PBXFileReference; lastKnownFileType = sourcecode.metal; path = PassThrough.metal; sourceTree = "<group>"; };
		B5D4E3FB26B2192000CB1241 /* PreviewMetalView.swift */ = {isa = PBXFileReference; lastKnownFileType = sourcecode.swift; path = PreviewMetalView.swift; sourceTree = "<group>"; };
		B5D6CAEA26D9A4CC002165C6 /* virtualSLP_tasks.json */ = {isa = PBXFileReference; fileEncoding = 4; lastKnownFileType = text.json; path = virtualSLP_tasks.json; sourceTree = "<group>"; };
		B5D6CAEC26D9AF4C002165C6 /* TaskProvider.swift */ = {isa = PBXFileReference; lastKnownFileType = sourcecode.swift; path = TaskProvider.swift; sourceTree = "<group>"; };
		B5DF4B8926C495EB0045AE43 /* UseCaseListViewController.swift */ = {isa = PBXFileReference; lastKnownFileType = sourcecode.swift; path = UseCaseListViewController.swift; sourceTree = "<group>"; };
		B5DF4B8F26C4ADA60045AE43 /* UseCase+CoreDataClass.swift */ = {isa = PBXFileReference; lastKnownFileType = sourcecode.swift; name = "UseCase+CoreDataClass.swift"; path = "MEADepthCamera/Persistent Storage/Model Classes/UseCase+CoreDataClass.swift"; sourceTree = SOURCE_ROOT; };
		B5E65D9F26B0D6100052FFE4 /* PointCloudProcessor.swift */ = {isa = PBXFileReference; lastKnownFileType = sourcecode.swift; path = PointCloudProcessor.swift; sourceTree = "<group>"; };
		B5ED04BA270D194F00A282FC /* ProcessingView.xib */ = {isa = PBXFileReference; lastKnownFileType = file.xib; path = ProcessingView.xib; sourceTree = "<group>"; };
		B5F447EB26EFF7A100528ACA /* ListViewController.swift */ = {isa = PBXFileReference; lastKnownFileType = sourcecode.swift; path = ListViewController.swift; sourceTree = "<group>"; };
		B5F447F026EFFB6C00528ACA /* TaskListViewController.swift */ = {isa = PBXFileReference; lastKnownFileType = sourcecode.swift; path = TaskListViewController.swift; sourceTree = "<group>"; };
		B5F447F426F0047800528ACA /* ProcessorSettings.swift */ = {isa = PBXFileReference; lastKnownFileType = sourcecode.swift; path = ProcessorSettings.swift; sourceTree = "<group>"; };
		B5F447F626F008E600528ACA /* ProcessorSettingsToDataTransformer.swift */ = {isa = PBXFileReference; lastKnownFileType = sourcecode.swift; path = ProcessorSettingsToDataTransformer.swift; sourceTree = "<group>"; };
		B5FB0A4826D44FBB00F65FA5 /* RecordingDetailViewController.swift */ = {isa = PBXFileReference; lastKnownFileType = sourcecode.swift; path = RecordingDetailViewController.swift; sourceTree = "<group>"; };
		B5FB0A4A26D4548D00F65FA5 /* RecordingDetailViewDataSource.swift */ = {isa = PBXFileReference; lastKnownFileType = sourcecode.swift; path = RecordingDetailViewDataSource.swift; sourceTree = "<group>"; };
		B5FB0A4C26D5765000F65FA5 /* RecordingListViewController.swift */ = {isa = PBXFileReference; lastKnownFileType = sourcecode.swift; path = RecordingListViewController.swift; sourceTree = "<group>"; };
		B5FB0A4E26D5767500F65FA5 /* RecordingListDataSource.swift */ = {isa = PBXFileReference; lastKnownFileType = sourcecode.swift; path = RecordingListDataSource.swift; sourceTree = "<group>"; };
		B5FB0A5126D577C900F65FA5 /* RecordingListCell.swift */ = {isa = PBXFileReference; lastKnownFileType = sourcecode.swift; path = RecordingListCell.swift; sourceTree = "<group>"; };
		B5FB0A5326D5858600F65FA5 /* RecordingDetailEditDataSource.swift */ = {isa = PBXFileReference; lastKnownFileType = sourcecode.swift; path = RecordingDetailEditDataSource.swift; sourceTree = "<group>"; };
		BE64A209272949A200DA1689 /* UseCaseListViewModel.swift */ = {isa = PBXFileReference; lastKnownFileType = sourcecode.swift; path = UseCaseListViewModel.swift; sourceTree = "<group>"; };
		BE64A20B27294C9100DA1689 /* ListModel.swift */ = {isa = PBXFileReference; lastKnownFileType = sourcecode.swift; path = ListModel.swift; sourceTree = "<group>"; };
		BE64A20E272A8C4000DA1689 /* PickerViewCell.swift */ = {isa = PBXFileReference; fileEncoding = 4; lastKnownFileType = sourcecode.swift; path = PickerViewCell.swift; sourceTree = "<group>"; };
		BE64A20F272A8C4000DA1689 /* TextFieldCell.swift */ = {isa = PBXFileReference; fileEncoding = 4; lastKnownFileType = sourcecode.swift; path = TextFieldCell.swift; sourceTree = "<group>"; };
		BE64A210272A8C4000DA1689 /* TextViewCell.swift */ = {isa = PBXFileReference; fileEncoding = 4; lastKnownFileType = sourcecode.swift; path = TextViewCell.swift; sourceTree = "<group>"; };
		BE64A211272A8C4000DA1689 /* TextInputCellDelegate.swift */ = {isa = PBXFileReference; fileEncoding = 4; lastKnownFileType = sourcecode.swift; path = TextInputCellDelegate.swift; sourceTree = "<group>"; };
		BE64A216272A8C8700DA1689 /* ListTextCell.swift */ = {isa = PBXFileReference; fileEncoding = 4; lastKnownFileType = sourcecode.swift; path = ListTextCell.swift; sourceTree = "<group>"; };
		BEBD1493271972C6007AC466 /* ModelObject.swift */ = {isa = PBXFileReference; lastKnownFileType = sourcecode.swift; path = ModelObject.swift; sourceTree = "<group>"; };
/* End PBXFileReference section */

/* Begin PBXFrameworksBuildPhase section */
		B579657B269DED5F0070C294 /* Frameworks */ = {
			isa = PBXFrameworksBuildPhase;
			buildActionMask = 2147483647;
			files = (
			);
			runOnlyForDeploymentPostprocessing = 0;
		};
		B5796591269DED600070C294 /* Frameworks */ = {
			isa = PBXFrameworksBuildPhase;
			buildActionMask = 2147483647;
			files = (
			);
			runOnlyForDeploymentPostprocessing = 0;
		};
		B579659C269DED600070C294 /* Frameworks */ = {
			isa = PBXFrameworksBuildPhase;
			buildActionMask = 2147483647;
			files = (
			);
			runOnlyForDeploymentPostprocessing = 0;
		};
/* End PBXFrameworksBuildPhase section */

/* Begin PBXGroup section */
		B50CD98D26C478B400192E7F /* Camera */ = {
			isa = PBXGroup;
			children = (
				B5796585269DED5F0070C294 /* CameraViewController.swift */,
				B53CD4B626B3A8E9003BBFD9 /* CaptureSessionManager.swift */,
				B57B3C0E273B19AE00CCF9A8 /* SessionSetupError.swift */,
				B57B3C10273B244E00CCF9A8 /* AVFoundation+Extensions.swift */,
				B5886DFB26AA5FB900EB344C /* Camera Preview Views */,
			);
			path = Camera;
			sourceTree = "<group>";
		};
		B53B3A6326FC11CC00B4B35F /* Task Views */ = {
			isa = PBXGroup;
			children = (
			);
			path = "Task Views";
			sourceTree = "<group>";
		};
		B54215BB26C31E9300A4F984 /* Use Case */ = {
			isa = PBXGroup;
			children = (
				B5C89315272BDDC2002E2EC1 /* UseCaseSplitViewController.swift */,
				B5DF4B8926C495EB0045AE43 /* UseCaseListViewController.swift */,
				BE64A209272949A200DA1689 /* UseCaseListViewModel.swift */,
				B54215C126C3582C00A4F984 /* UseCaseDetailViewController.swift */,
				B54215C326C3596F00A4F984 /* UseCaseDetailViewModel.swift */,
				B54215C726C366C900A4F984 /* UseCaseDetailEditViewModel.swift */,
				B56F1A9726E0A29200A29C42 /* UseCaseInteractionDelegate.swift */,
				B54215BE26C34B2000A4F984 /* Use Case Views */,
			);
			path = "Use Case";
			sourceTree = "<group>";
		};
		B54215BE26C34B2000A4F984 /* Use Case Views */ = {
			isa = PBXGroup;
			children = (
			);
			path = "Use Case Views";
			sourceTree = "<group>";
		};
		B542161126C46C1A00A4F984 /* Persistent Storage */ = {
			isa = PBXGroup;
			children = (
				B54215CD26C45A3900A4F984 /* MEADepthCamera.xcdatamodeld */,
				B56F1A6326E0430600A29C42 /* CoreDataStack.swift */,
				B542160F26C45F7300A4F984 /* PersistentContainer.swift */,
				B56F1A6526E045AF00A29C42 /* Schema.swift */,
				B57FBD3726F27EE100ACC129 /* Model Classes */,
				B56F1A6226E0401200A29C42 /* Data Provider */,
				B57FBD3B26F281E900ACC129 /* Processor Settings */,
			);
			path = "Persistent Storage";
			sourceTree = "<group>";
		};
		B56F1A6126E03F9100A29C42 /* Main Menu */ = {
			isa = PBXGroup;
			children = (
				B54215B926C316F600A4F984 /* MainMenuViewController.swift */,
				B54215C926C3670E00A4F984 /* MainMenuDataSource.swift */,
			);
			path = "Main Menu";
			sourceTree = "<group>";
		};
		B56F1A6226E0401200A29C42 /* Data Provider */ = {
			isa = PBXGroup;
			children = (
				B56F1A8926E06B2300A29C42 /* DataProvider.swift */,
				B56F1A8B26E0786200A29C42 /* UseCaseProvider.swift */,
				B56F1A8D26E0787800A29C42 /* RecordingProvider.swift */,
				B56F1A9526E0903100A29C42 /* OutputFileProvider.swift */,
				B56F1A9326E0813D00A29C42 /* ExperimentProvider.swift */,
				B5D6CAEC26D9AF4C002165C6 /* TaskProvider.swift */,
				B50944B326E94FEC0020971D /* JSONError.swift */,
			);
			path = "Data Provider";
			sourceTree = "<group>";
		};
		B56F2EAA26AB7EC300998C27 /* Point Cloud */ = {
			isa = PBXGroup;
			children = (
				B5E65D9F26B0D6100052FFE4 /* PointCloudProcessor.swift */,
				B53CD4AF26B3585B003BBFD9 /* lensDistortionPointForPoint.m */,
				B53CD4B126B35869003BBFD9 /* lensDistortionPointForPoint.h */,
			);
			path = "Point Cloud";
			sourceTree = "<group>";
		};
		B575413D26B8DB36004ED4E4 /* Vision Face Detection */ = {
			isa = PBXGroup;
			children = (
				B5886DFC26AA61E100EB344C /* LiveFaceDetectionProcessor.swift */,
				B575413E26B8E077004ED4E4 /* LandmarksTrackerProcessor.swift */,
				B5C732B026BDD32F002B01C2 /* VisionProcessor.swift */,
			);
			path = "Vision Face Detection";
			sourceTree = "<group>";
		};
		B5796575269DED5F0070C294 = {
			isa = PBXGroup;
			children = (
				B5796580269DED5F0070C294 /* MEADepthCamera */,
				B5796597269DED600070C294 /* MEADepthCameraTests */,
				B57965A2269DED600070C294 /* MEADepthCameraUITests */,
				B579657F269DED5F0070C294 /* Products */,
			);
			sourceTree = "<group>";
		};
		B579657F269DED5F0070C294 /* Products */ = {
			isa = PBXGroup;
			children = (
				B579657E269DED5F0070C294 /* MEADepthCamera.app */,
				B5796594269DED600070C294 /* MEADepthCameraTests.xctest */,
				B579659F269DED600070C294 /* MEADepthCameraUITests.xctest */,
			);
			name = Products;
			sourceTree = "<group>";
		};
		B5796580269DED5F0070C294 /* MEADepthCamera */ = {
			isa = PBXGroup;
			children = (
				B5796581269DED5F0070C294 /* AppDelegate.swift */,
				B5796583269DED5F0070C294 /* SceneDelegate.swift */,
				B542161126C46C1A00A4F984 /* Persistent Storage */,
				B57FBD3A26F2816E00ACC129 /* UI */,
				B50CD98D26C478B400192E7F /* Camera */,
				B5C732AD26BDCC72002B01C2 /* Data Pipelines */,
				B57FBD3926F280DD00ACC129 /* Data Processors */,
				B5ABE85926A9CC9B003D2AFD /* File IO */,
				B587705E26B4AD8900E26C7D /* Utilities */,
				B5886DF626AA168B00EB344C /* Shaders */,
				B5D6CAE826D9A3AA002165C6 /* Resources */,
				B5796587269DED5F0070C294 /* Main.storyboard */,
				B5ED04BA270D194F00A282FC /* ProcessingView.xib */,
				B579658A269DED600070C294 /* Assets.xcassets */,
				B579658C269DED600070C294 /* LaunchScreen.storyboard */,
				B579658F269DED600070C294 /* Info.plist */,
				B5ABE86526AA09D0003D2AFD /* MEADepthCamera-Bridging-Header.h */,
			);
			path = MEADepthCamera;
			sourceTree = "<group>";
		};
		B5796597269DED600070C294 /* MEADepthCameraTests */ = {
			isa = PBXGroup;
			children = (
				B5796598269DED600070C294 /* MEADepthCameraTests.swift */,
				B579659A269DED600070C294 /* Info.plist */,
			);
			path = MEADepthCameraTests;
			sourceTree = "<group>";
		};
		B57965A2269DED600070C294 /* MEADepthCameraUITests */ = {
			isa = PBXGroup;
			children = (
				B57965A3269DED600070C294 /* MEADepthCameraUITests.swift */,
				B57965A5269DED600070C294 /* Info.plist */,
			);
			path = MEADepthCameraUITests;
			sourceTree = "<group>";
		};
		B57FBD3726F27EE100ACC129 /* Model Classes */ = {
			isa = PBXGroup;
			children = (
				B5DF4B8F26C4ADA60045AE43 /* UseCase+CoreDataClass.swift */,
				B585A09A26C58A9500CA6546 /* Recording+CoreDataClass.swift */,
				B585A09E26C58A9500CA6546 /* OutputFile+CoreDataClass.swift */,
				B56F1A8F26E07B2F00A29C42 /* Experiment+CoreDataClass.swift */,
				B585A09C26C58A9500CA6546 /* Task+CoreDataClass.swift */,
			);
			path = "Model Classes";
			sourceTree = "<group>";
		};
		B57FBD3926F280DD00ACC129 /* Data Processors */ = {
			isa = PBXGroup;
			children = (
				B575413D26B8DB36004ED4E4 /* Vision Face Detection */,
				B5ABE85A26AA0442003D2AFD /* Depth Map Rendering */,
				B56F2EAA26AB7EC300998C27 /* Point Cloud */,
			);
			path = "Data Processors";
			sourceTree = "<group>";
		};
		B57FBD3A26F2816E00ACC129 /* UI */ = {
			isa = PBXGroup;
			children = (
				BEBD1493271972C6007AC466 /* ModelObject.swift */,
				B5D209A3271A19EA005CEC9A /* ModelStore.swift */,
				B5C89313272B80DD002E2EC1 /* ObservableModelStore.swift */,
				B58F4D61273A51AE0073B107 /* Views */,
				B5F447EA26EFF72400528ACA /* Lists */,
				B591615427279630005604BF /* Details */,
				B56F1A6126E03F9100A29C42 /* Main Menu */,
				B54215BB26C31E9300A4F984 /* Use Case */,
				B5DF4B8826C4928D0045AE43 /* Recording */,
				B5F447EF26EFFB3200528ACA /* Task */,
			);
			path = UI;
			sourceTree = "<group>";
		};
		B57FBD3B26F281E900ACC129 /* Processor Settings */ = {
			isa = PBXGroup;
			children = (
				B5F447F426F0047800528ACA /* ProcessorSettings.swift */,
				B5F447F626F008E600528ACA /* ProcessorSettingsToDataTransformer.swift */,
				B56BF7672717402D003622F1 /* CodingCameraCalibrationData.swift */,
				B56BF76927174089003622F1 /* CodingMatrixFloat3.swift */,
			);
			path = "Processor Settings";
			sourceTree = "<group>";
		};
		B587705E26B4AD8900E26C7D /* Utilities */ = {
			isa = PBXGroup;
			children = (
				B587706126B4AEAC00E26C7D /* CommonTypes.swift */,
				B53CD4B426B39F6E003BBFD9 /* Enumerations.swift */,
				B5886E0026AA7F8500EB344C /* Extensions.swift */,
				B57B3C14273B26EA00CCF9A8 /* NotificationName.swift */,
				B587705F26B4ADAC00E26C7D /* Functions.swift */,
			);
			path = Utilities;
			sourceTree = "<group>";
		};
		B5886DF626AA168B00EB344C /* Shaders */ = {
			isa = PBXGroup;
			children = (
				B518049126ACBB0F0036F104 /* ShaderTypes.h */,
				B5886DF726AA16C900EB344C /* DepthToGrayscale.metal */,
				B56F2EA626AB654B00998C27 /* PointCloud.metal */,
				B5D4E3F926B2183C00CB1241 /* PassThrough.metal */,
			);
			path = Shaders;
			sourceTree = "<group>";
		};
		B5886DFB26AA5FB900EB344C /* Camera Preview Views */ = {
			isa = PBXGroup;
			children = (
				B5886DF926AA3A4F00EB344C /* FaceObservationOverlayView.swift */,
				B5D4E3FB26B2192000CB1241 /* PreviewMetalView.swift */,
				B57B3C12273B261A00CCF9A8 /* PreviewMetalView+Extensions.swift */,
			);
			path = "Camera Preview Views";
			sourceTree = "<group>";
		};
		B58F4D61273A51AE0073B107 /* Views */ = {
			isa = PBXGroup;
			children = (
				B58F4D5D2739DF6A0073B107 /* BackButton.swift */,
			);
			path = Views;
			sourceTree = "<group>";
		};
		B591615427279630005604BF /* Details */ = {
			isa = PBXGroup;
			children = (
				B59161552727AA33005604BF /* DetailViewController.swift */,
				B59161572727AA95005604BF /* DetailViewModel.swift */,
				BE64A20D272A8C4000DA1689 /* Cells and Views */,
			);
			path = Details;
			sourceTree = "<group>";
		};
		B5ABE85926A9CC9B003D2AFD /* File IO */ = {
			isa = PBXGroup;
			children = (
				B5886E0426AB2CEE00EB344C /* FileWriter.swift */,
				B57965B526A096B10070C294 /* VideoFileWriter.swift */,
				B5A7CE1E26A8D68B008C4900 /* AudioFileWriter.swift */,
				B5ABE85726A9CAA7003D2AFD /* DepthMapFileWriter.swift */,
				B5380D0C26A20383003328D8 /* FaceLandmarksFileWriter.swift */,
				B5235ECB26C207CB0042106C /* InfoFileWriter.swift */,
				B5886E0226AB249A00EB344C /* FileConfigurations.swift */,
				B575414026B8E08D004ED4E4 /* VideoReader.swift */,
			);
			path = "File IO";
			sourceTree = "<group>";
		};
		B5ABE85A26AA0442003D2AFD /* Depth Map Rendering */ = {
			isa = PBXGroup;
			children = (
				B5ABE85B26AA04B8003D2AFD /* ImageRenderer.swift */,
				B5ABE86326AA08E0003D2AFD /* DepthToGrayscaleConverter.swift */,
			);
			path = "Depth Map Rendering";
			sourceTree = "<group>";
		};
		B5C732AD26BDCC72002B01C2 /* Data Pipelines */ = {
			isa = PBXGroup;
			children = (
				B53CD4B226B38EF3003BBFD9 /* CapturePipeline.swift */,
				B50787D526AF73D60077ACCB /* FaceLandmarksPipeline.swift */,
				B5C732AE26BDCE66002B01C2 /* DataPipeline.swift */,
				B575414226B8F9A0004ED4E4 /* SavedRecordingsDataSource.swift */,
				B575414426BA10C7004ED4E4 /* getNumberOfFrames.m */,
				B575414626BA10DA004ED4E4 /* getNumberOfFrames.h */,
			);
			path = "Data Pipelines";
			sourceTree = "<group>";
		};
		B5D209A5271A2057005CEC9A /* Cells and Views */ = {
			isa = PBXGroup;
			children = (
				B5D209A6271A2087005CEC9A /* ItemListCell.swift */,
				BE64A216272A8C8700DA1689 /* ListTextCell.swift */,
				B50160882735E7E4003AB94D /* HeaderTextCell.swift */,
				B50160862735A4F9003AB94D /* ExpandableHeaderCell.swift */,
				B591615227236D67005604BF /* TextCellContentView.swift */,
				B5916150272362E8005604BF /* LabelListView.swift */,
				B536DA3C271F781200A9C3BB /* ReadjustingStackView.swift */,
			);
			path = "Cells and Views";
			sourceTree = "<group>";
		};
		B5D6CAE826D9A3AA002165C6 /* Resources */ = {
			isa = PBXGroup;
			children = (
				B50944B126E94E8D0020971D /* MEADepthCamera_experiments.json */,
				B5D6CAEA26D9A4CC002165C6 /* virtualSLP_tasks.json */,
			);
			path = Resources;
			sourceTree = "<group>";
		};
		B5DF4B8826C4928D0045AE43 /* Recording */ = {
			isa = PBXGroup;
			children = (
				B5FB0A4C26D5765000F65FA5 /* RecordingListViewController.swift */,
				B5FB0A4E26D5767500F65FA5 /* RecordingListDataSource.swift */,
				B5FB0A4826D44FBB00F65FA5 /* RecordingDetailViewController.swift */,
				B5FB0A4A26D4548D00F65FA5 /* RecordingDetailViewDataSource.swift */,
				B5FB0A5326D5858600F65FA5 /* RecordingDetailEditDataSource.swift */,
				B56BF76B271784DD003622F1 /* RecordingInteractionDelegate.swift */,
				B5FB0A5026D577AE00F65FA5 /* Recording Views */,
			);
			path = Recording;
			sourceTree = "<group>";
		};
		B5F447EA26EFF72400528ACA /* Lists */ = {
			isa = PBXGroup;
			children = (
				B5F447EB26EFF7A100528ACA /* ListViewController.swift */,
				B5D209A8271A295A005CEC9A /* ListViewModel.swift */,
				BE64A20B27294C9100DA1689 /* ListModel.swift */,
				B5D209A5271A2057005CEC9A /* Cells and Views */,
			);
			path = Lists;
			sourceTree = "<group>";
		};
		B5F447EF26EFFB3200528ACA /* Task */ = {
			isa = PBXGroup;
			children = (
				B501607E27345670003AB94D /* TaskSplitViewController.swift */,
				B5F447F026EFFB6C00528ACA /* TaskListViewController.swift */,
				B50160802734577A003AB94D /* TaskListViewModel.swift */,
				B5016082273465F0003AB94D /* TaskDetailViewController.swift */,
				B501608427346799003AB94D /* TaskDetailViewModel.swift */,
				B53B3A6326FC11CC00B4B35F /* Task Views */,
			);
			path = Task;
			sourceTree = "<group>";
		};
		B5FB0A5026D577AE00F65FA5 /* Recording Views */ = {
			isa = PBXGroup;
			children = (
				B5FB0A5126D577C900F65FA5 /* RecordingListCell.swift */,
				B534ED0E26DDAC2800A138EA /* ProcessingView.swift */,
			);
			path = "Recording Views";
			sourceTree = "<group>";
		};
		BE64A20D272A8C4000DA1689 /* Cells and Views */ = {
			isa = PBXGroup;
			children = (
				BE64A20E272A8C4000DA1689 /* PickerViewCell.swift */,
				BE64A20F272A8C4000DA1689 /* TextFieldCell.swift */,
				BE64A210272A8C4000DA1689 /* TextViewCell.swift */,
				BE64A211272A8C4000DA1689 /* TextInputCellDelegate.swift */,
				B58F4D5F273A08600073B107 /* TitleSupplementaryView.swift */,
				B501607C273357FD003AB94D /* StartButtonSupplementaryView.swift */,
			);
			path = "Cells and Views";
			sourceTree = "<group>";
		};
/* End PBXGroup section */

/* Begin PBXNativeTarget section */
		B579657D269DED5F0070C294 /* MEADepthCamera */ = {
			isa = PBXNativeTarget;
			buildConfigurationList = B57965A8269DED600070C294 /* Build configuration list for PBXNativeTarget "MEADepthCamera" */;
			buildPhases = (
				B579657A269DED5F0070C294 /* Sources */,
				B579657B269DED5F0070C294 /* Frameworks */,
				B579657C269DED5F0070C294 /* Resources */,
			);
			buildRules = (
			);
			dependencies = (
			);
			name = MEADepthCamera;
			productName = MEADepthCamera;
			productReference = B579657E269DED5F0070C294 /* MEADepthCamera.app */;
			productType = "com.apple.product-type.application";
		};
		B5796593269DED600070C294 /* MEADepthCameraTests */ = {
			isa = PBXNativeTarget;
			buildConfigurationList = B57965AB269DED600070C294 /* Build configuration list for PBXNativeTarget "MEADepthCameraTests" */;
			buildPhases = (
				B5796590269DED600070C294 /* Sources */,
				B5796591269DED600070C294 /* Frameworks */,
				B5796592269DED600070C294 /* Resources */,
			);
			buildRules = (
			);
			dependencies = (
				B5796596269DED600070C294 /* PBXTargetDependency */,
			);
			name = MEADepthCameraTests;
			productName = MEADepthCameraTests;
			productReference = B5796594269DED600070C294 /* MEADepthCameraTests.xctest */;
			productType = "com.apple.product-type.bundle.unit-test";
		};
		B579659E269DED600070C294 /* MEADepthCameraUITests */ = {
			isa = PBXNativeTarget;
			buildConfigurationList = B57965AE269DED600070C294 /* Build configuration list for PBXNativeTarget "MEADepthCameraUITests" */;
			buildPhases = (
				B579659B269DED600070C294 /* Sources */,
				B579659C269DED600070C294 /* Frameworks */,
				B579659D269DED600070C294 /* Resources */,
			);
			buildRules = (
			);
			dependencies = (
				B57965A1269DED600070C294 /* PBXTargetDependency */,
			);
			name = MEADepthCameraUITests;
			productName = MEADepthCameraUITests;
			productReference = B579659F269DED600070C294 /* MEADepthCameraUITests.xctest */;
			productType = "com.apple.product-type.bundle.ui-testing";
		};
/* End PBXNativeTarget section */

/* Begin PBXProject section */
		B5796576269DED5F0070C294 /* Project object */ = {
			isa = PBXProject;
			attributes = {
				LastSwiftUpdateCheck = 1250;
				LastUpgradeCheck = 1250;
				TargetAttributes = {
					B579657D269DED5F0070C294 = {
						CreatedOnToolsVersion = 12.5.1;
						LastSwiftMigration = 1250;
					};
					B5796593269DED600070C294 = {
						CreatedOnToolsVersion = 12.5.1;
						TestTargetID = B579657D269DED5F0070C294;
					};
					B579659E269DED600070C294 = {
						CreatedOnToolsVersion = 12.5.1;
						TestTargetID = B579657D269DED5F0070C294;
					};
				};
			};
			buildConfigurationList = B5796579269DED5F0070C294 /* Build configuration list for PBXProject "MEADepthCamera" */;
			compatibilityVersion = "Xcode 9.3";
			developmentRegion = en;
			hasScannedForEncodings = 0;
			knownRegions = (
				en,
				Base,
			);
			mainGroup = B5796575269DED5F0070C294;
			productRefGroup = B579657F269DED5F0070C294 /* Products */;
			projectDirPath = "";
			projectRoot = "";
			targets = (
				B579657D269DED5F0070C294 /* MEADepthCamera */,
				B5796593269DED600070C294 /* MEADepthCameraTests */,
				B579659E269DED600070C294 /* MEADepthCameraUITests */,
			);
		};
/* End PBXProject section */

/* Begin PBXResourcesBuildPhase section */
		B579657C269DED5F0070C294 /* Resources */ = {
			isa = PBXResourcesBuildPhase;
			buildActionMask = 2147483647;
			files = (
				B5D6CAEB26D9A4CC002165C6 /* virtualSLP_tasks.json in Resources */,
				B50944B226E94E8D0020971D /* MEADepthCamera_experiments.json in Resources */,
				B5ED04BB270D194F00A282FC /* ProcessingView.xib in Resources */,
				B579658E269DED600070C294 /* LaunchScreen.storyboard in Resources */,
				B579658B269DED600070C294 /* Assets.xcassets in Resources */,
				B5796589269DED5F0070C294 /* Main.storyboard in Resources */,
			);
			runOnlyForDeploymentPostprocessing = 0;
		};
		B5796592269DED600070C294 /* Resources */ = {
			isa = PBXResourcesBuildPhase;
			buildActionMask = 2147483647;
			files = (
			);
			runOnlyForDeploymentPostprocessing = 0;
		};
		B579659D269DED600070C294 /* Resources */ = {
			isa = PBXResourcesBuildPhase;
			buildActionMask = 2147483647;
			files = (
			);
			runOnlyForDeploymentPostprocessing = 0;
		};
/* End PBXResourcesBuildPhase section */

/* Begin PBXSourcesBuildPhase section */
		B579657A269DED5F0070C294 /* Sources */ = {
			isa = PBXSourcesBuildPhase;
			buildActionMask = 2147483647;
			files = (
				B56F1A8A26E06B2300A29C42 /* DataProvider.swift in Sources */,
				B56BF7682717402D003622F1 /* CodingCameraCalibrationData.swift in Sources */,
				B5E65DA026B0D6100052FFE4 /* PointCloudProcessor.swift in Sources */,
				B5D6CAED26D9AF4C002165C6 /* TaskProvider.swift in Sources */,
				B585A0A226C58A9500CA6546 /* Task+CoreDataClass.swift in Sources */,
				B5380D0D26A20383003328D8 /* FaceLandmarksFileWriter.swift in Sources */,
				B50787D626AF73D60077ACCB /* FaceLandmarksPipeline.swift in Sources */,
				B54215C826C366C900A4F984 /* UseCaseDetailEditViewModel.swift in Sources */,
				B5C89316272BDDC3002E2EC1 /* UseCaseSplitViewController.swift in Sources */,
				B56F1A9426E0813D00A29C42 /* ExperimentProvider.swift in Sources */,
				B56F1A6626E045AF00A29C42 /* Schema.swift in Sources */,
				B575413F26B8E077004ED4E4 /* LandmarksTrackerProcessor.swift in Sources */,
				B5796586269DED5F0070C294 /* CameraViewController.swift in Sources */,
				B59161582727AA95005604BF /* DetailViewModel.swift in Sources */,
				B5FB0A5426D5858600F65FA5 /* RecordingDetailEditDataSource.swift in Sources */,
				B56F2EA726AB654B00998C27 /* PointCloud.metal in Sources */,
				B5C732AF26BDCE66002B01C2 /* DataPipeline.swift in Sources */,
				B5D4E3FA26B2183C00CB1241 /* PassThrough.metal in Sources */,
				BEBD1494271972C6007AC466 /* ModelObject.swift in Sources */,
				B50160892735E7E4003AB94D /* HeaderTextCell.swift in Sources */,
				B5DF4B8A26C495EB0045AE43 /* UseCaseListViewController.swift in Sources */,
				B56F1A6426E0430600A29C42 /* CoreDataStack.swift in Sources */,
				B53CD4B026B3585B003BBFD9 /* lensDistortionPointForPoint.m in Sources */,
				B534ED0F26DDAC2800A138EA /* ProcessingView.swift in Sources */,
				B56F1A9626E0903100A29C42 /* OutputFileProvider.swift in Sources */,
				B59161562727AA33005604BF /* DetailViewController.swift in Sources */,
				BE64A217272A8C8700DA1689 /* ListTextCell.swift in Sources */,
				B5D4E3FC26B2192000CB1241 /* PreviewMetalView.swift in Sources */,
				B5796582269DED5F0070C294 /* AppDelegate.swift in Sources */,
				B54215CF26C45A3900A4F984 /* MEADepthCamera.xcdatamodeld in Sources */,
				B5FB0A4926D44FBB00F65FA5 /* RecordingDetailViewController.swift in Sources */,
				B5235ECC26C207CB0042106C /* InfoFileWriter.swift in Sources */,
				B5FB0A4F26D5767500F65FA5 /* RecordingListDataSource.swift in Sources */,
				B56F1A8E26E0787800A29C42 /* RecordingProvider.swift in Sources */,
				B5796584269DED5F0070C294 /* SceneDelegate.swift in Sources */,
				B587706026B4ADAC00E26C7D /* Functions.swift in Sources */,
				B5F447F726F008E600528ACA /* ProcessorSettingsToDataTransformer.swift in Sources */,
				B5886E0526AB2CEE00EB344C /* FileWriter.swift in Sources */,
				B5886DF826AA16C900EB344C /* DepthToGrayscale.metal in Sources */,
				B58F4D60273A08600073B107 /* TitleSupplementaryView.swift in Sources */,
				B536DA3D271F781200A9C3BB /* ReadjustingStackView.swift in Sources */,
				B53CD4B526B39F6E003BBFD9 /* Enumerations.swift in Sources */,
				B5C732B126BDD32F002B01C2 /* VisionProcessor.swift in Sources */,
				B57965B626A096B10070C294 /* VideoFileWriter.swift in Sources */,
				B50944B426E94FEC0020971D /* JSONError.swift in Sources */,
				B5FB0A4D26D5765000F65FA5 /* RecordingListViewController.swift in Sources */,
				BE64A214272A8C4000DA1689 /* TextViewCell.swift in Sources */,
				B56F1A8C26E0786200A29C42 /* UseCaseProvider.swift in Sources */,
				B56F1A9826E0A29200A29C42 /* UseCaseInteractionDelegate.swift in Sources */,
				B54215CA26C3670E00A4F984 /* MainMenuDataSource.swift in Sources */,
				B50160812734577A003AB94D /* TaskListViewModel.swift in Sources */,
				B5F447F126EFFB6C00528ACA /* TaskListViewController.swift in Sources */,
				B5F447EC26EFF7A100528ACA /* ListViewController.swift in Sources */,
				B591615327236D67005604BF /* TextCellContentView.swift in Sources */,
				BE64A213272A8C4000DA1689 /* TextFieldCell.swift in Sources */,
				B5FB0A4B26D4548D00F65FA5 /* RecordingDetailViewDataSource.swift in Sources */,
				B575414326B8F9A0004ED4E4 /* SavedRecordingsDataSource.swift in Sources */,
				B5ABE85826A9CAA7003D2AFD /* DepthMapFileWriter.swift in Sources */,
				B56F1A9126E07B2F00A29C42 /* Experiment+CoreDataClass.swift in Sources */,
				B5ABE85C26AA04B8003D2AFD /* ImageRenderer.swift in Sources */,
				BE64A20C27294C9100DA1689 /* ListModel.swift in Sources */,
				B5FB0A5226D577C900F65FA5 /* RecordingListCell.swift in Sources */,
				B53CD4B726B3A8E9003BBFD9 /* CaptureSessionManager.swift in Sources */,
				B56BF76C271784DD003622F1 /* RecordingInteractionDelegate.swift in Sources */,
				B501608527346799003AB94D /* TaskDetailViewModel.swift in Sources */,
				B5D209A4271A19EA005CEC9A /* ModelStore.swift in Sources */,
				B53CD4B326B38EF3003BBFD9 /* CapturePipeline.swift in Sources */,
				B5F447F526F0047800528ACA /* ProcessorSettings.swift in Sources */,
				BE64A215272A8C4000DA1689 /* TextInputCellDelegate.swift in Sources */,
				B5016083273465F0003AB94D /* TaskDetailViewController.swift in Sources */,
				B575414126B8E08D004ED4E4 /* VideoReader.swift in Sources */,
				B57B3C15273B26EA00CCF9A8 /* NotificationName.swift in Sources */,
				B5886E0126AA7F8500EB344C /* Extensions.swift in Sources */,
				B58F4D5E2739DF6B0073B107 /* BackButton.swift in Sources */,
				B5C89314272B80DD002E2EC1 /* ObservableModelStore.swift in Sources */,
				B587706226B4AEAC00E26C7D /* CommonTypes.swift in Sources */,
				B5916151272362E8005604BF /* LabelListView.swift in Sources */,
				B5886E0326AB249A00EB344C /* FileConfigurations.swift in Sources */,
				B57B3C13273B261A00CCF9A8 /* PreviewMetalView+Extensions.swift in Sources */,
				B5D209A7271A2087005CEC9A /* ItemListCell.swift in Sources */,
				B54215C226C3582C00A4F984 /* UseCaseDetailViewController.swift in Sources */,
				B57B3C0F273B19AE00CCF9A8 /* SessionSetupError.swift in Sources */,
				B54215BA26C316F600A4F984 /* MainMenuViewController.swift in Sources */,
				BE64A20A272949A200DA1689 /* UseCaseListViewModel.swift in Sources */,
				B501607F27345670003AB94D /* TaskSplitViewController.swift in Sources */,
				B5ABE86426AA08E0003D2AFD /* DepthToGrayscaleConverter.swift in Sources */,
				B585A0A026C58A9500CA6546 /* Recording+CoreDataClass.swift in Sources */,
				B501607D273357FD003AB94D /* StartButtonSupplementaryView.swift in Sources */,
				B54215C426C3596F00A4F984 /* UseCaseDetailViewModel.swift in Sources */,
				B585A0A426C58A9500CA6546 /* OutputFile+CoreDataClass.swift in Sources */,
				BE64A212272A8C4000DA1689 /* PickerViewCell.swift in Sources */,
				B5886DFA26AA3A4F00EB344C /* FaceObservationOverlayView.swift in Sources */,
				B575414526BA10C7004ED4E4 /* getNumberOfFrames.m in Sources */,
				B5D209A9271A295A005CEC9A /* ListViewModel.swift in Sources */,
				B5DF4B9126C4ADA60045AE43 /* UseCase+CoreDataClass.swift in Sources */,
				B5886DFD26AA61E100EB344C /* LiveFaceDetectionProcessor.swift in Sources */,
				B56BF76A27174089003622F1 /* CodingMatrixFloat3.swift in Sources */,
				B57B3C11273B244E00CCF9A8 /* AVFoundation+Extensions.swift in Sources */,
				B542161026C45F7300A4F984 /* PersistentContainer.swift in Sources */,
				B50160872735A4F9003AB94D /* ExpandableHeaderCell.swift in Sources */,
				B5A7CE1F26A8D68B008C4900 /* AudioFileWriter.swift in Sources */,
			);
			runOnlyForDeploymentPostprocessing = 0;
		};
		B5796590269DED600070C294 /* Sources */ = {
			isa = PBXSourcesBuildPhase;
			buildActionMask = 2147483647;
			files = (
				B5796599269DED600070C294 /* MEADepthCameraTests.swift in Sources */,
			);
			runOnlyForDeploymentPostprocessing = 0;
		};
		B579659B269DED600070C294 /* Sources */ = {
			isa = PBXSourcesBuildPhase;
			buildActionMask = 2147483647;
			files = (
				B57965A4269DED600070C294 /* MEADepthCameraUITests.swift in Sources */,
			);
			runOnlyForDeploymentPostprocessing = 0;
		};
/* End PBXSourcesBuildPhase section */

/* Begin PBXTargetDependency section */
		B5796596269DED600070C294 /* PBXTargetDependency */ = {
			isa = PBXTargetDependency;
			target = B579657D269DED5F0070C294 /* MEADepthCamera */;
			targetProxy = B5796595269DED600070C294 /* PBXContainerItemProxy */;
		};
		B57965A1269DED600070C294 /* PBXTargetDependency */ = {
			isa = PBXTargetDependency;
			target = B579657D269DED5F0070C294 /* MEADepthCamera */;
			targetProxy = B57965A0269DED600070C294 /* PBXContainerItemProxy */;
		};
/* End PBXTargetDependency section */

/* Begin PBXVariantGroup section */
		B5796587269DED5F0070C294 /* Main.storyboard */ = {
			isa = PBXVariantGroup;
			children = (
				B5796588269DED5F0070C294 /* Base */,
			);
			name = Main.storyboard;
			sourceTree = "<group>";
		};
		B579658C269DED600070C294 /* LaunchScreen.storyboard */ = {
			isa = PBXVariantGroup;
			children = (
				B579658D269DED600070C294 /* Base */,
			);
			name = LaunchScreen.storyboard;
			sourceTree = "<group>";
		};
/* End PBXVariantGroup section */

/* Begin XCBuildConfiguration section */
		B57965A6269DED600070C294 /* Debug */ = {
			isa = XCBuildConfiguration;
			buildSettings = {
				ALWAYS_SEARCH_USER_PATHS = NO;
				CLANG_ANALYZER_NONNULL = YES;
				CLANG_ANALYZER_NUMBER_OBJECT_CONVERSION = YES_AGGRESSIVE;
				CLANG_CXX_LANGUAGE_STANDARD = "gnu++14";
				CLANG_CXX_LIBRARY = "libc++";
				CLANG_ENABLE_MODULES = YES;
				CLANG_ENABLE_OBJC_ARC = YES;
				CLANG_ENABLE_OBJC_WEAK = YES;
				CLANG_WARN_BLOCK_CAPTURE_AUTORELEASING = YES;
				CLANG_WARN_BOOL_CONVERSION = YES;
				CLANG_WARN_COMMA = YES;
				CLANG_WARN_CONSTANT_CONVERSION = YES;
				CLANG_WARN_DEPRECATED_OBJC_IMPLEMENTATIONS = YES;
				CLANG_WARN_DIRECT_OBJC_ISA_USAGE = YES_ERROR;
				CLANG_WARN_DOCUMENTATION_COMMENTS = YES;
				CLANG_WARN_EMPTY_BODY = YES;
				CLANG_WARN_ENUM_CONVERSION = YES;
				CLANG_WARN_INFINITE_RECURSION = YES;
				CLANG_WARN_INT_CONVERSION = YES;
				CLANG_WARN_NON_LITERAL_NULL_CONVERSION = YES;
				CLANG_WARN_OBJC_IMPLICIT_RETAIN_SELF = YES;
				CLANG_WARN_OBJC_LITERAL_CONVERSION = YES;
				CLANG_WARN_OBJC_ROOT_CLASS = YES_ERROR;
				CLANG_WARN_QUOTED_INCLUDE_IN_FRAMEWORK_HEADER = YES;
				CLANG_WARN_RANGE_LOOP_ANALYSIS = YES;
				CLANG_WARN_STRICT_PROTOTYPES = YES;
				CLANG_WARN_SUSPICIOUS_MOVE = YES;
				CLANG_WARN_UNGUARDED_AVAILABILITY = YES_AGGRESSIVE;
				CLANG_WARN_UNREACHABLE_CODE = YES;
				CLANG_WARN__DUPLICATE_METHOD_MATCH = YES;
				COPY_PHASE_STRIP = NO;
				DEBUG_INFORMATION_FORMAT = dwarf;
				ENABLE_STRICT_OBJC_MSGSEND = YES;
				ENABLE_TESTABILITY = YES;
				GCC_C_LANGUAGE_STANDARD = gnu11;
				GCC_DYNAMIC_NO_PIC = NO;
				GCC_NO_COMMON_BLOCKS = YES;
				GCC_OPTIMIZATION_LEVEL = 0;
				GCC_PREPROCESSOR_DEFINITIONS = (
					"DEBUG=1",
					"$(inherited)",
				);
				GCC_WARN_64_TO_32_BIT_CONVERSION = YES;
				GCC_WARN_ABOUT_RETURN_TYPE = YES_ERROR;
				GCC_WARN_UNDECLARED_SELECTOR = YES;
				GCC_WARN_UNINITIALIZED_AUTOS = YES_AGGRESSIVE;
				GCC_WARN_UNUSED_FUNCTION = YES;
				GCC_WARN_UNUSED_VARIABLE = YES;
				IPHONEOS_DEPLOYMENT_TARGET = 15.0;
				MTL_ENABLE_DEBUG_INFO = INCLUDE_SOURCE;
				MTL_FAST_MATH = YES;
				ONLY_ACTIVE_ARCH = YES;
				SDKROOT = iphoneos;
				SWIFT_ACTIVE_COMPILATION_CONDITIONS = DEBUG;
				SWIFT_OPTIMIZATION_LEVEL = "-Onone";
			};
			name = Debug;
		};
		B57965A7269DED600070C294 /* Release */ = {
			isa = XCBuildConfiguration;
			buildSettings = {
				ALWAYS_SEARCH_USER_PATHS = NO;
				CLANG_ANALYZER_NONNULL = YES;
				CLANG_ANALYZER_NUMBER_OBJECT_CONVERSION = YES_AGGRESSIVE;
				CLANG_CXX_LANGUAGE_STANDARD = "gnu++14";
				CLANG_CXX_LIBRARY = "libc++";
				CLANG_ENABLE_MODULES = YES;
				CLANG_ENABLE_OBJC_ARC = YES;
				CLANG_ENABLE_OBJC_WEAK = YES;
				CLANG_WARN_BLOCK_CAPTURE_AUTORELEASING = YES;
				CLANG_WARN_BOOL_CONVERSION = YES;
				CLANG_WARN_COMMA = YES;
				CLANG_WARN_CONSTANT_CONVERSION = YES;
				CLANG_WARN_DEPRECATED_OBJC_IMPLEMENTATIONS = YES;
				CLANG_WARN_DIRECT_OBJC_ISA_USAGE = YES_ERROR;
				CLANG_WARN_DOCUMENTATION_COMMENTS = YES;
				CLANG_WARN_EMPTY_BODY = YES;
				CLANG_WARN_ENUM_CONVERSION = YES;
				CLANG_WARN_INFINITE_RECURSION = YES;
				CLANG_WARN_INT_CONVERSION = YES;
				CLANG_WARN_NON_LITERAL_NULL_CONVERSION = YES;
				CLANG_WARN_OBJC_IMPLICIT_RETAIN_SELF = YES;
				CLANG_WARN_OBJC_LITERAL_CONVERSION = YES;
				CLANG_WARN_OBJC_ROOT_CLASS = YES_ERROR;
				CLANG_WARN_QUOTED_INCLUDE_IN_FRAMEWORK_HEADER = YES;
				CLANG_WARN_RANGE_LOOP_ANALYSIS = YES;
				CLANG_WARN_STRICT_PROTOTYPES = YES;
				CLANG_WARN_SUSPICIOUS_MOVE = YES;
				CLANG_WARN_UNGUARDED_AVAILABILITY = YES_AGGRESSIVE;
				CLANG_WARN_UNREACHABLE_CODE = YES;
				CLANG_WARN__DUPLICATE_METHOD_MATCH = YES;
				COPY_PHASE_STRIP = NO;
				DEBUG_INFORMATION_FORMAT = "dwarf-with-dsym";
				ENABLE_NS_ASSERTIONS = NO;
				ENABLE_STRICT_OBJC_MSGSEND = YES;
				GCC_C_LANGUAGE_STANDARD = gnu11;
				GCC_NO_COMMON_BLOCKS = YES;
				GCC_WARN_64_TO_32_BIT_CONVERSION = YES;
				GCC_WARN_ABOUT_RETURN_TYPE = YES_ERROR;
				GCC_WARN_UNDECLARED_SELECTOR = YES;
				GCC_WARN_UNINITIALIZED_AUTOS = YES_AGGRESSIVE;
				GCC_WARN_UNUSED_FUNCTION = YES;
				GCC_WARN_UNUSED_VARIABLE = YES;
				IPHONEOS_DEPLOYMENT_TARGET = 15.0;
				MTL_ENABLE_DEBUG_INFO = NO;
				MTL_FAST_MATH = YES;
				SDKROOT = iphoneos;
				SWIFT_COMPILATION_MODE = wholemodule;
				SWIFT_OPTIMIZATION_LEVEL = "-O";
				VALIDATE_PRODUCT = YES;
			};
			name = Release;
		};
		B57965A9269DED600070C294 /* Debug */ = {
			isa = XCBuildConfiguration;
			buildSettings = {
				ASSETCATALOG_COMPILER_APPICON_NAME = AppIcon;
				ASSETCATALOG_COMPILER_GLOBAL_ACCENT_COLOR_NAME = AccentColor;
				CLANG_ENABLE_MODULES = YES;
				CODE_SIGN_STYLE = Automatic;
				DEVELOPMENT_TEAM = W5ML5VAV94;
				INFOPLIST_FILE = MEADepthCamera/Info.plist;
				IPHONEOS_DEPLOYMENT_TARGET = 15.0;
				LD_RUNPATH_SEARCH_PATHS = (
					"$(inherited)",
					"@executable_path/Frameworks",
				);
				PRODUCT_BUNDLE_IDENTIFIER = "com.mea-lab.MEADepthCamera";
				PRODUCT_NAME = "$(TARGET_NAME)";
				SWIFT_OBJC_BRIDGING_HEADER = "MEADepthCamera/MEADepthCamera-Bridging-Header.h";
				SWIFT_OPTIMIZATION_LEVEL = "-Onone";
				SWIFT_VERSION = 5.0;
				TARGETED_DEVICE_FAMILY = "1,2";
			};
			name = Debug;
		};
		B57965AA269DED600070C294 /* Release */ = {
			isa = XCBuildConfiguration;
			buildSettings = {
				ASSETCATALOG_COMPILER_APPICON_NAME = AppIcon;
				ASSETCATALOG_COMPILER_GLOBAL_ACCENT_COLOR_NAME = AccentColor;
				CLANG_ENABLE_MODULES = YES;
				CODE_SIGN_STYLE = Automatic;
				DEVELOPMENT_TEAM = W5ML5VAV94;
				INFOPLIST_FILE = MEADepthCamera/Info.plist;
				IPHONEOS_DEPLOYMENT_TARGET = 15.0;
				LD_RUNPATH_SEARCH_PATHS = (
					"$(inherited)",
					"@executable_path/Frameworks",
				);
				PRODUCT_BUNDLE_IDENTIFIER = "com.mea-lab.MEADepthCamera";
				PRODUCT_NAME = "$(TARGET_NAME)";
				SWIFT_OBJC_BRIDGING_HEADER = "MEADepthCamera/MEADepthCamera-Bridging-Header.h";
				SWIFT_VERSION = 5.0;
				TARGETED_DEVICE_FAMILY = "1,2";
			};
			name = Release;
		};
		B57965AC269DED600070C294 /* Debug */ = {
			isa = XCBuildConfiguration;
			buildSettings = {
				ALWAYS_EMBED_SWIFT_STANDARD_LIBRARIES = YES;
				BUNDLE_LOADER = "$(TEST_HOST)";
				CODE_SIGN_STYLE = Automatic;
				DEVELOPMENT_TEAM = W5ML5VAV94;
				INFOPLIST_FILE = MEADepthCameraTests/Info.plist;
				IPHONEOS_DEPLOYMENT_TARGET = 14.5;
				LD_RUNPATH_SEARCH_PATHS = (
					"$(inherited)",
					"@executable_path/Frameworks",
					"@loader_path/Frameworks",
				);
				PRODUCT_BUNDLE_IDENTIFIER = "com.example.mea-lab.MEADepthCameraTests";
				PRODUCT_NAME = "$(TARGET_NAME)";
				SWIFT_VERSION = 5.0;
				TARGETED_DEVICE_FAMILY = "1,2";
				TEST_HOST = "$(BUILT_PRODUCTS_DIR)/MEADepthCamera.app/MEADepthCamera";
			};
			name = Debug;
		};
		B57965AD269DED600070C294 /* Release */ = {
			isa = XCBuildConfiguration;
			buildSettings = {
				ALWAYS_EMBED_SWIFT_STANDARD_LIBRARIES = YES;
				BUNDLE_LOADER = "$(TEST_HOST)";
				CODE_SIGN_STYLE = Automatic;
				DEVELOPMENT_TEAM = W5ML5VAV94;
				INFOPLIST_FILE = MEADepthCameraTests/Info.plist;
				IPHONEOS_DEPLOYMENT_TARGET = 14.5;
				LD_RUNPATH_SEARCH_PATHS = (
					"$(inherited)",
					"@executable_path/Frameworks",
					"@loader_path/Frameworks",
				);
				PRODUCT_BUNDLE_IDENTIFIER = "com.example.mea-lab.MEADepthCameraTests";
				PRODUCT_NAME = "$(TARGET_NAME)";
				SWIFT_VERSION = 5.0;
				TARGETED_DEVICE_FAMILY = "1,2";
				TEST_HOST = "$(BUILT_PRODUCTS_DIR)/MEADepthCamera.app/MEADepthCamera";
			};
			name = Release;
		};
		B57965AF269DED600070C294 /* Debug */ = {
			isa = XCBuildConfiguration;
			buildSettings = {
				ALWAYS_EMBED_SWIFT_STANDARD_LIBRARIES = YES;
				CODE_SIGN_STYLE = Automatic;
				DEVELOPMENT_TEAM = W5ML5VAV94;
				INFOPLIST_FILE = MEADepthCameraUITests/Info.plist;
				LD_RUNPATH_SEARCH_PATHS = (
					"$(inherited)",
					"@executable_path/Frameworks",
					"@loader_path/Frameworks",
				);
				PRODUCT_BUNDLE_IDENTIFIER = "com.example.mea-lab.MEADepthCameraUITests";
				PRODUCT_NAME = "$(TARGET_NAME)";
				SWIFT_VERSION = 5.0;
				TARGETED_DEVICE_FAMILY = "1,2";
				TEST_TARGET_NAME = MEADepthCamera;
			};
			name = Debug;
		};
		B57965B0269DED600070C294 /* Release */ = {
			isa = XCBuildConfiguration;
			buildSettings = {
				ALWAYS_EMBED_SWIFT_STANDARD_LIBRARIES = YES;
				CODE_SIGN_STYLE = Automatic;
				DEVELOPMENT_TEAM = W5ML5VAV94;
				INFOPLIST_FILE = MEADepthCameraUITests/Info.plist;
				LD_RUNPATH_SEARCH_PATHS = (
					"$(inherited)",
					"@executable_path/Frameworks",
					"@loader_path/Frameworks",
				);
				PRODUCT_BUNDLE_IDENTIFIER = "com.example.mea-lab.MEADepthCameraUITests";
				PRODUCT_NAME = "$(TARGET_NAME)";
				SWIFT_VERSION = 5.0;
				TARGETED_DEVICE_FAMILY = "1,2";
				TEST_TARGET_NAME = MEADepthCamera;
			};
			name = Release;
		};
/* End XCBuildConfiguration section */

/* Begin XCConfigurationList section */
		B5796579269DED5F0070C294 /* Build configuration list for PBXProject "MEADepthCamera" */ = {
			isa = XCConfigurationList;
			buildConfigurations = (
				B57965A6269DED600070C294 /* Debug */,
				B57965A7269DED600070C294 /* Release */,
			);
			defaultConfigurationIsVisible = 0;
			defaultConfigurationName = Release;
		};
		B57965A8269DED600070C294 /* Build configuration list for PBXNativeTarget "MEADepthCamera" */ = {
			isa = XCConfigurationList;
			buildConfigurations = (
				B57965A9269DED600070C294 /* Debug */,
				B57965AA269DED600070C294 /* Release */,
			);
			defaultConfigurationIsVisible = 0;
			defaultConfigurationName = Release;
		};
		B57965AB269DED600070C294 /* Build configuration list for PBXNativeTarget "MEADepthCameraTests" */ = {
			isa = XCConfigurationList;
			buildConfigurations = (
				B57965AC269DED600070C294 /* Debug */,
				B57965AD269DED600070C294 /* Release */,
			);
			defaultConfigurationIsVisible = 0;
			defaultConfigurationName = Release;
		};
		B57965AE269DED600070C294 /* Build configuration list for PBXNativeTarget "MEADepthCameraUITests" */ = {
			isa = XCConfigurationList;
			buildConfigurations = (
				B57965AF269DED600070C294 /* Debug */,
				B57965B0269DED600070C294 /* Release */,
			);
			defaultConfigurationIsVisible = 0;
			defaultConfigurationName = Release;
		};
/* End XCConfigurationList section */

/* Begin XCVersionGroup section */
		B54215CD26C45A3900A4F984 /* MEADepthCamera.xcdatamodeld */ = {
			isa = XCVersionGroup;
			children = (
				B54215CE26C45A3900A4F984 /* MEADepthCamera.xcdatamodel */,
			);
			currentVersion = B54215CE26C45A3900A4F984 /* MEADepthCamera.xcdatamodel */;
			path = MEADepthCamera.xcdatamodeld;
			sourceTree = "<group>";
			versionGroupType = wrapper.xcdatamodel;
		};
/* End XCVersionGroup section */
	};
	rootObject = B5796576269DED5F0070C294 /* Project object */;
}
